// !$*UTF8*$!
{
	archiveVersion = 1;
	classes = {
	};
	objectVersion = 50;
	objects = {

/* Begin PBXBuildFile section */
		BD10873A22AF3B6600EBA1B9 /* AppDelegate.swift in Sources */ = {isa = PBXBuildFile; fileRef = BD10873922AF3B6600EBA1B9 /* AppDelegate.swift */; };
		BD10873C22AF3B6600EBA1B9 /* HomeScreenController.swift in Sources */ = {isa = PBXBuildFile; fileRef = BD10873B22AF3B6600EBA1B9 /* HomeScreenController.swift */; };
		BD10874122AF3B6800EBA1B9 /* Assets.xcassets in Resources */ = {isa = PBXBuildFile; fileRef = BD10874022AF3B6800EBA1B9 /* Assets.xcassets */; };
		BD10874C22AF3CDA00EBA1B9 /* MovieModel.swift in Sources */ = {isa = PBXBuildFile; fileRef = BD10874B22AF3CDA00EBA1B9 /* MovieModel.swift */; };
		BD10875422B01A1400EBA1B9 /* CategoryView.swift in Sources */ = {isa = PBXBuildFile; fileRef = BD10875322B01A1400EBA1B9 /* CategoryView.swift */; };
		BD10875922B2B9EF00EBA1B9 /* CategoryViewProtocol.swift in Sources */ = {isa = PBXBuildFile; fileRef = BD10875822B2B9EF00EBA1B9 /* CategoryViewProtocol.swift */; };
		BD10875E22B45AF800EBA1B9 /* MovieCollectionViewCell.swift in Sources */ = {isa = PBXBuildFile; fileRef = BD10875D22B45AF800EBA1B9 /* MovieCollectionViewCell.swift */; };
		BD10876022B460AB00EBA1B9 /* MainCollectionViewFlowLayout.swift in Sources */ = {isa = PBXBuildFile; fileRef = BD10875F22B460AB00EBA1B9 /* MainCollectionViewFlowLayout.swift */; };
		BD10876322E45F3000EBA1B9 /* Constants.swift in Sources */ = {isa = PBXBuildFile; fileRef = BD10876222E45F3000EBA1B9 /* Constants.swift */; };
		BD10876522E7B84A00EBA1B9 /* MovieImageModel.swift in Sources */ = {isa = PBXBuildFile; fileRef = BD10876422E7B84A00EBA1B9 /* MovieImageModel.swift */; };
		BD356C38241752A40090CF21 /* HomeScreenMainDelegate.swift in Sources */ = {isa = PBXBuildFile; fileRef = BD356C37241752A40090CF21 /* HomeScreenMainDelegate.swift */; };
		BD35E569241FFDD90041AAA3 /* LaunchScreenView.swift in Sources */ = {isa = PBXBuildFile; fileRef = BD35E568241FFDD90041AAA3 /* LaunchScreenView.swift */; };
		BD35E56C242004E70041AAA3 /* LaunchScreenController.swift in Sources */ = {isa = PBXBuildFile; fileRef = BD35E56B242004E70041AAA3 /* LaunchScreenController.swift */; };
		BD35E56F24200CFD0041AAA3 /* LaunchScreenProtocol.swift in Sources */ = {isa = PBXBuildFile; fileRef = BD35E56E24200CFD0041AAA3 /* LaunchScreenProtocol.swift */; };
		BD35E574242165C50041AAA3 /* SlideController.swift in Sources */ = {isa = PBXBuildFile; fileRef = BD35E573242165C50041AAA3 /* SlideController.swift */; };
		BD35E581242929790041AAA3 /* HomeTests.swift in Sources */ = {isa = PBXBuildFile; fileRef = BD35E580242929790041AAA3 /* HomeTests.swift */; };
		BD35E58D242A6FB90041AAA3 /* InternetNetwork.swift in Sources */ = {isa = PBXBuildFile; fileRef = BD35E58C242A6FB90041AAA3 /* InternetNetwork.swift */; };
		BD385A4F2444EADF00A4DE8C /* HelperFunctionTests.swift in Sources */ = {isa = PBXBuildFile; fileRef = BD385A4E2444EADF00A4DE8C /* HelperFunctionTests.swift */; };
		BD385A52244561AF00A4DE8C /* ChangeToMovieControllerProtocol.swift in Sources */ = {isa = PBXBuildFile; fileRef = BD385A51244561AF00A4DE8C /* ChangeToMovieControllerProtocol.swift */; };
		BD44C8D3233D1929008FD2F8 /* DetailApi.swift in Sources */ = {isa = PBXBuildFile; fileRef = BD44C8D2233D1929008FD2F8 /* DetailApi.swift */; };
		BD44C8D5233D259B008FD2F8 /* DetailClient.swift in Sources */ = {isa = PBXBuildFile; fileRef = BD44C8D4233D259B008FD2F8 /* DetailClient.swift */; };
		BD44C8D8233DE1D4008FD2F8 /* MovieCastModel.swift in Sources */ = {isa = PBXBuildFile; fileRef = BD44C8D7233DE1D4008FD2F8 /* MovieCastModel.swift */; };
		BD44C8DC233E75EA008FD2F8 /* CastCollectionViewFlowLayout.swift in Sources */ = {isa = PBXBuildFile; fileRef = BD44C8DB233E75EA008FD2F8 /* CastCollectionViewFlowLayout.swift */; };
		BD44C8E1233E7C59008FD2F8 /* CastCollectionViewCell.swift in Sources */ = {isa = PBXBuildFile; fileRef = BD44C8E0233E7C59008FD2F8 /* CastCollectionViewCell.swift */; };
		BD44C8E4233E92DA008FD2F8 /* CastApi.swift in Sources */ = {isa = PBXBuildFile; fileRef = BD44C8E3233E92DA008FD2F8 /* CastApi.swift */; };
		BD44C8E6233E9371008FD2F8 /* CastClient.swift in Sources */ = {isa = PBXBuildFile; fileRef = BD44C8E5233E9371008FD2F8 /* CastClient.swift */; };
		BD44C8E8233F0125008FD2F8 /* DetailNetworkManager.swift in Sources */ = {isa = PBXBuildFile; fileRef = BD44C8E7233F0125008FD2F8 /* DetailNetworkManager.swift */; };
		BD6D2B6023FF9D8B007A607B /* DetailViewController.swift in Sources */ = {isa = PBXBuildFile; fileRef = BD6D2B5F23FF9D8B007A607B /* DetailViewController.swift */; };
		BD6D2B6323FFA1B1007A607B /* CastCollectionViewDelegate.swift in Sources */ = {isa = PBXBuildFile; fileRef = BD6D2B6223FFA1B1007A607B /* CastCollectionViewDelegate.swift */; };
		BD6D2B6523FFA29B007A607B /* CastCollectionViewDataSource.swift in Sources */ = {isa = PBXBuildFile; fileRef = BD6D2B6423FFA29B007A607B /* CastCollectionViewDataSource.swift */; };
		BD6D2B6723FFA48C007A607B /* CastProtocols.swift in Sources */ = {isa = PBXBuildFile; fileRef = BD6D2B6623FFA48C007A607B /* CastProtocols.swift */; };
		BD6D2B6B24008A74007A607B /* HomeScreenInnerDelegate.swift in Sources */ = {isa = PBXBuildFile; fileRef = BD6D2B6A24008A74007A607B /* HomeScreenInnerDelegate.swift */; };
		BD6D2B6D24008AEB007A607B /* HomeScreenInnerDataSource.swift in Sources */ = {isa = PBXBuildFile; fileRef = BD6D2B6C24008AEB007A607B /* HomeScreenInnerDataSource.swift */; };
		BD6D2B7024032E6D007A607B /* HomeCollectionViewCellProperties.swift in Sources */ = {isa = PBXBuildFile; fileRef = BD6D2B6F24032E6C007A607B /* HomeCollectionViewCellProperties.swift */; };
		BD6D2B72240DC5AA007A607B /* InnerCellPropertyProtocol.swift in Sources */ = {isa = PBXBuildFile; fileRef = BD6D2B71240DC5AA007A607B /* InnerCellPropertyProtocol.swift */; };
		BD79BE8B234460BF00B2857D /* AboutView.swift in Sources */ = {isa = PBXBuildFile; fileRef = BD79BE8A234460BF00B2857D /* AboutView.swift */; };
		BD8BFA8D23FB334B008495B4 /* MainScreenView.swift in Sources */ = {isa = PBXBuildFile; fileRef = BD8BFA8C23FB334B008495B4 /* MainScreenView.swift */; };
		BD8BFA9523FEEBC4008495B4 /* HomeScreenMainDataSource.swift in Sources */ = {isa = PBXBuildFile; fileRef = BD8BFA9423FEEBC4008495B4 /* HomeScreenMainDataSource.swift */; };
		BD8BFA9D23FF16DF008495B4 /* AboutViewController.swift in Sources */ = {isa = PBXBuildFile; fileRef = BD8BFA9C23FF16DF008495B4 /* AboutViewController.swift */; };
		BD91F9B423334CBA00E287E0 /* Result.swift in Sources */ = {isa = PBXBuildFile; fileRef = BD91F9B323334CBA00E287E0 /* Result.swift */; };
		BD91F9B623334D6400E287E0 /* Endpoint.swift in Sources */ = {isa = PBXBuildFile; fileRef = BD91F9B523334D6400E287E0 /* Endpoint.swift */; };
		BD91F9B823334F2F00E287E0 /* MovieSection.swift in Sources */ = {isa = PBXBuildFile; fileRef = BD91F9B723334F2F00E287E0 /* MovieSection.swift */; };
		BD91F9BA2333511400E287E0 /* APIError.swift in Sources */ = {isa = PBXBuildFile; fileRef = BD91F9B92333511400E287E0 /* APIError.swift */; };
		BD91F9BC233352FF00E287E0 /* ApiClient.swift in Sources */ = {isa = PBXBuildFile; fileRef = BD91F9BB233352FF00E287E0 /* ApiClient.swift */; };
		BD91F9BE23335EFE00E287E0 /* MovieClient.swift in Sources */ = {isa = PBXBuildFile; fileRef = BD91F9BD23335EFE00E287E0 /* MovieClient.swift */; };
		BD91F9C02333E72C00E287E0 /* APINetworkManager.swift in Sources */ = {isa = PBXBuildFile; fileRef = BD91F9BF2333E72C00E287E0 /* APINetworkManager.swift */; };
		BD91F9C523341A3D00E287E0 /* ImageEndpoint.swift in Sources */ = {isa = PBXBuildFile; fileRef = BD91F9C423341A3D00E287E0 /* ImageEndpoint.swift */; };
		BD91F9C72334297C00E287E0 /* ImageConfiguration.swift in Sources */ = {isa = PBXBuildFile; fileRef = BD91F9C62334297C00E287E0 /* ImageConfiguration.swift */; };
		BD91F9C923342C1000E287E0 /* ImageAPIClient.swift in Sources */ = {isa = PBXBuildFile; fileRef = BD91F9C823342C1000E287E0 /* ImageAPIClient.swift */; };
		BD91F9CB233434C600E287E0 /* ImageClient.swift in Sources */ = {isa = PBXBuildFile; fileRef = BD91F9CA233434C600E287E0 /* ImageClient.swift */; };
		BD91F9CD2334980500E287E0 /* MovieSectionEnum.swift in Sources */ = {isa = PBXBuildFile; fileRef = BD91F9CC2334980500E287E0 /* MovieSectionEnum.swift */; };
		BD91F9D52337131C00E287E0 /* DetailView.swift in Sources */ = {isa = PBXBuildFile; fileRef = BD91F9D42337131C00E287E0 /* DetailView.swift */; };
		BD91F9D82337287100E287E0 /* MovieDetail.swift in Sources */ = {isa = PBXBuildFile; fileRef = BD91F9D72337287100E287E0 /* MovieDetail.swift */; };
		BD9E4110231B79E800106FB3 /* MovieModelWithDates.swift in Sources */ = {isa = PBXBuildFile; fileRef = BD9E410F231B79E800106FB3 /* MovieModelWithDates.swift */; };
		BD9E4113231B7A8000106FB3 /* NowPlayingCellsCell.swift in Sources */ = {isa = PBXBuildFile; fileRef = BD9E4112231B7A8000106FB3 /* NowPlayingCellsCell.swift */; };
		BD9E4117231B7AF500106FB3 /* PopularMovieCellsCell.swift in Sources */ = {isa = PBXBuildFile; fileRef = BD9E4116231B7AF500106FB3 /* PopularMovieCellsCell.swift */; };
		BD9E411B231B7BC500106FB3 /* TopRatedCellsCell.swift in Sources */ = {isa = PBXBuildFile; fileRef = BD9E411A231B7BC500106FB3 /* TopRatedCellsCell.swift */; };
		BD9E411F231B7C5900106FB3 /* UpcomingCellsCell.swift in Sources */ = {isa = PBXBuildFile; fileRef = BD9E411E231B7C5900106FB3 /* UpcomingCellsCell.swift */; };
		BDBD55BE243517910003859E /* ErrorModel.swift in Sources */ = {isa = PBXBuildFile; fileRef = BDBD55BD243517910003859E /* ErrorModel.swift */; };
		BDBD55C12435198A0003859E /* ErrorView.swift in Sources */ = {isa = PBXBuildFile; fileRef = BDBD55C02435198A0003859E /* ErrorView.swift */; };
		BDBD55C4243522B40003859E /* ErrorController.swift in Sources */ = {isa = PBXBuildFile; fileRef = BDBD55C3243522B40003859E /* ErrorController.swift */; };
		BDBD55C92437E13D0003859E /* BlurEffectBooleanProtocol.swift in Sources */ = {isa = PBXBuildFile; fileRef = BDBD55C82437E13D0003859E /* BlurEffectBooleanProtocol.swift */; };
		BDBD55CB2438069E0003859E /* HandleSlideMenuProtocol.swift in Sources */ = {isa = PBXBuildFile; fileRef = BDBD55CA2438069E0003859E /* HandleSlideMenuProtocol.swift */; };
		BDBD55CD2439116B0003859E /* ChangeToAboutControllerProtocol.swift in Sources */ = {isa = PBXBuildFile; fileRef = BDBD55CC2439116B0003859E /* ChangeToAboutControllerProtocol.swift */; };
		BDDD9884232C9B1A00A57F49 /* InnerCollectionViewFlowLayout.swift in Sources */ = {isa = PBXBuildFile; fileRef = BDDD9883232C9B1A00A57F49 /* InnerCollectionViewFlowLayout.swift */; };
		BDE381872442D2B500BA7237 /* SlideMenuHelperProtocol.swift in Sources */ = {isa = PBXBuildFile; fileRef = BDE381862442D2B500BA7237 /* SlideMenuHelperProtocol.swift */; };
/* End PBXBuildFile section */

/* Begin PBXContainerItemProxy section */
		BD35E583242929790041AAA3 /* PBXContainerItemProxy */ = {
			isa = PBXContainerItemProxy;
			containerPortal = BD10872E22AF3B6600EBA1B9 /* Project object */;
			proxyType = 1;
			remoteGlobalIDString = BD10873522AF3B6600EBA1B9;
			remoteInfo = CinemApp;
		};
/* End PBXContainerItemProxy section */

/* Begin PBXFileReference section */
		BD10873622AF3B6600EBA1B9 /* CinemApp.app */ = {isa = PBXFileReference; explicitFileType = wrapper.application; includeInIndex = 0; path = CinemApp.app; sourceTree = BUILT_PRODUCTS_DIR; };
		BD10873922AF3B6600EBA1B9 /* AppDelegate.swift */ = {isa = PBXFileReference; lastKnownFileType = sourcecode.swift; path = AppDelegate.swift; sourceTree = "<group>"; };
		BD10873B22AF3B6600EBA1B9 /* HomeScreenController.swift */ = {isa = PBXFileReference; lastKnownFileType = sourcecode.swift; path = HomeScreenController.swift; sourceTree = "<group>"; };
		BD10874022AF3B6800EBA1B9 /* Assets.xcassets */ = {isa = PBXFileReference; lastKnownFileType = folder.assetcatalog; path = Assets.xcassets; sourceTree = "<group>"; };
		BD10874522AF3B6800EBA1B9 /* Info.plist */ = {isa = PBXFileReference; lastKnownFileType = text.plist.xml; path = Info.plist; sourceTree = "<group>"; };
		BD10874B22AF3CDA00EBA1B9 /* MovieModel.swift */ = {isa = PBXFileReference; lastKnownFileType = sourcecode.swift; path = MovieModel.swift; sourceTree = "<group>"; };
		BD10875322B01A1400EBA1B9 /* CategoryView.swift */ = {isa = PBXFileReference; lastKnownFileType = sourcecode.swift; path = CategoryView.swift; sourceTree = "<group>"; };
		BD10875822B2B9EF00EBA1B9 /* CategoryViewProtocol.swift */ = {isa = PBXFileReference; lastKnownFileType = sourcecode.swift; path = CategoryViewProtocol.swift; sourceTree = "<group>"; };
		BD10875D22B45AF800EBA1B9 /* MovieCollectionViewCell.swift */ = {isa = PBXFileReference; lastKnownFileType = sourcecode.swift; path = MovieCollectionViewCell.swift; sourceTree = "<group>"; };
		BD10875F22B460AB00EBA1B9 /* MainCollectionViewFlowLayout.swift */ = {isa = PBXFileReference; lastKnownFileType = sourcecode.swift; path = MainCollectionViewFlowLayout.swift; sourceTree = "<group>"; };
		BD10876222E45F3000EBA1B9 /* Constants.swift */ = {isa = PBXFileReference; lastKnownFileType = sourcecode.swift; path = Constants.swift; sourceTree = "<group>"; };
		BD10876422E7B84A00EBA1B9 /* MovieImageModel.swift */ = {isa = PBXFileReference; lastKnownFileType = sourcecode.swift; path = MovieImageModel.swift; sourceTree = "<group>"; };
		BD356C37241752A40090CF21 /* HomeScreenMainDelegate.swift */ = {isa = PBXFileReference; lastKnownFileType = sourcecode.swift; path = HomeScreenMainDelegate.swift; sourceTree = "<group>"; };
		BD35E568241FFDD90041AAA3 /* LaunchScreenView.swift */ = {isa = PBXFileReference; lastKnownFileType = sourcecode.swift; path = LaunchScreenView.swift; sourceTree = "<group>"; };
		BD35E56B242004E70041AAA3 /* LaunchScreenController.swift */ = {isa = PBXFileReference; lastKnownFileType = sourcecode.swift; path = LaunchScreenController.swift; sourceTree = "<group>"; };
		BD35E56E24200CFD0041AAA3 /* LaunchScreenProtocol.swift */ = {isa = PBXFileReference; lastKnownFileType = sourcecode.swift; path = LaunchScreenProtocol.swift; sourceTree = "<group>"; };
		BD35E573242165C50041AAA3 /* SlideController.swift */ = {isa = PBXFileReference; lastKnownFileType = sourcecode.swift; path = SlideController.swift; sourceTree = "<group>"; };
		BD35E57E242929790041AAA3 /* CinemAppTests.xctest */ = {isa = PBXFileReference; explicitFileType = wrapper.cfbundle; includeInIndex = 0; path = CinemAppTests.xctest; sourceTree = BUILT_PRODUCTS_DIR; };
		BD35E580242929790041AAA3 /* HomeTests.swift */ = {isa = PBXFileReference; lastKnownFileType = sourcecode.swift; path = HomeTests.swift; sourceTree = "<group>"; };
		BD35E582242929790041AAA3 /* Info.plist */ = {isa = PBXFileReference; lastKnownFileType = text.plist.xml; path = Info.plist; sourceTree = "<group>"; };
		BD35E58C242A6FB90041AAA3 /* InternetNetwork.swift */ = {isa = PBXFileReference; lastKnownFileType = sourcecode.swift; path = InternetNetwork.swift; sourceTree = "<group>"; };
		BD385A4E2444EADF00A4DE8C /* HelperFunctionTests.swift */ = {isa = PBXFileReference; lastKnownFileType = sourcecode.swift; path = HelperFunctionTests.swift; sourceTree = "<group>"; };
		BD385A51244561AF00A4DE8C /* ChangeToMovieControllerProtocol.swift */ = {isa = PBXFileReference; lastKnownFileType = sourcecode.swift; path = ChangeToMovieControllerProtocol.swift; sourceTree = "<group>"; };
		BD44C8D2233D1929008FD2F8 /* DetailApi.swift */ = {isa = PBXFileReference; lastKnownFileType = sourcecode.swift; path = DetailApi.swift; sourceTree = "<group>"; };
		BD44C8D4233D259B008FD2F8 /* DetailClient.swift */ = {isa = PBXFileReference; lastKnownFileType = sourcecode.swift; path = DetailClient.swift; sourceTree = "<group>"; };
		BD44C8D7233DE1D4008FD2F8 /* MovieCastModel.swift */ = {isa = PBXFileReference; lastKnownFileType = sourcecode.swift; path = MovieCastModel.swift; sourceTree = "<group>"; };
		BD44C8DB233E75EA008FD2F8 /* CastCollectionViewFlowLayout.swift */ = {isa = PBXFileReference; lastKnownFileType = sourcecode.swift; path = CastCollectionViewFlowLayout.swift; sourceTree = "<group>"; };
		BD44C8E0233E7C59008FD2F8 /* CastCollectionViewCell.swift */ = {isa = PBXFileReference; lastKnownFileType = sourcecode.swift; path = CastCollectionViewCell.swift; sourceTree = "<group>"; };
		BD44C8E3233E92DA008FD2F8 /* CastApi.swift */ = {isa = PBXFileReference; lastKnownFileType = sourcecode.swift; path = CastApi.swift; sourceTree = "<group>"; };
		BD44C8E5233E9371008FD2F8 /* CastClient.swift */ = {isa = PBXFileReference; lastKnownFileType = sourcecode.swift; path = CastClient.swift; sourceTree = "<group>"; };
		BD44C8E7233F0125008FD2F8 /* DetailNetworkManager.swift */ = {isa = PBXFileReference; lastKnownFileType = sourcecode.swift; path = DetailNetworkManager.swift; sourceTree = "<group>"; };
		BD6D2B5F23FF9D8B007A607B /* DetailViewController.swift */ = {isa = PBXFileReference; lastKnownFileType = sourcecode.swift; path = DetailViewController.swift; sourceTree = "<group>"; };
		BD6D2B6223FFA1B1007A607B /* CastCollectionViewDelegate.swift */ = {isa = PBXFileReference; lastKnownFileType = sourcecode.swift; path = CastCollectionViewDelegate.swift; sourceTree = "<group>"; };
		BD6D2B6423FFA29B007A607B /* CastCollectionViewDataSource.swift */ = {isa = PBXFileReference; lastKnownFileType = sourcecode.swift; path = CastCollectionViewDataSource.swift; sourceTree = "<group>"; };
		BD6D2B6623FFA48C007A607B /* CastProtocols.swift */ = {isa = PBXFileReference; lastKnownFileType = sourcecode.swift; path = CastProtocols.swift; sourceTree = "<group>"; };
		BD6D2B6A24008A74007A607B /* HomeScreenInnerDelegate.swift */ = {isa = PBXFileReference; lastKnownFileType = sourcecode.swift; path = HomeScreenInnerDelegate.swift; sourceTree = "<group>"; };
		BD6D2B6C24008AEB007A607B /* HomeScreenInnerDataSource.swift */ = {isa = PBXFileReference; lastKnownFileType = sourcecode.swift; path = HomeScreenInnerDataSource.swift; sourceTree = "<group>"; };
		BD6D2B6F24032E6C007A607B /* HomeCollectionViewCellProperties.swift */ = {isa = PBXFileReference; lastKnownFileType = sourcecode.swift; path = HomeCollectionViewCellProperties.swift; sourceTree = "<group>"; };
		BD6D2B71240DC5AA007A607B /* InnerCellPropertyProtocol.swift */ = {isa = PBXFileReference; lastKnownFileType = sourcecode.swift; path = InnerCellPropertyProtocol.swift; sourceTree = "<group>"; };
		BD79BE8A234460BF00B2857D /* AboutView.swift */ = {isa = PBXFileReference; lastKnownFileType = sourcecode.swift; path = AboutView.swift; sourceTree = "<group>"; };
		BD8BFA8C23FB334B008495B4 /* MainScreenView.swift */ = {isa = PBXFileReference; lastKnownFileType = sourcecode.swift; path = MainScreenView.swift; sourceTree = "<group>"; };
		BD8BFA9423FEEBC4008495B4 /* HomeScreenMainDataSource.swift */ = {isa = PBXFileReference; lastKnownFileType = sourcecode.swift; path = HomeScreenMainDataSource.swift; sourceTree = "<group>"; };
		BD8BFA9C23FF16DF008495B4 /* AboutViewController.swift */ = {isa = PBXFileReference; lastKnownFileType = sourcecode.swift; path = AboutViewController.swift; sourceTree = "<group>"; };
		BD91F9B323334CBA00E287E0 /* Result.swift */ = {isa = PBXFileReference; lastKnownFileType = sourcecode.swift; path = Result.swift; sourceTree = "<group>"; };
		BD91F9B523334D6400E287E0 /* Endpoint.swift */ = {isa = PBXFileReference; lastKnownFileType = sourcecode.swift; path = Endpoint.swift; sourceTree = "<group>"; };
		BD91F9B723334F2F00E287E0 /* MovieSection.swift */ = {isa = PBXFileReference; lastKnownFileType = sourcecode.swift; path = MovieSection.swift; sourceTree = "<group>"; };
		BD91F9B92333511400E287E0 /* APIError.swift */ = {isa = PBXFileReference; lastKnownFileType = sourcecode.swift; path = APIError.swift; sourceTree = "<group>"; };
		BD91F9BB233352FF00E287E0 /* ApiClient.swift */ = {isa = PBXFileReference; lastKnownFileType = sourcecode.swift; path = ApiClient.swift; sourceTree = "<group>"; };
		BD91F9BD23335EFE00E287E0 /* MovieClient.swift */ = {isa = PBXFileReference; lastKnownFileType = sourcecode.swift; path = MovieClient.swift; sourceTree = "<group>"; };
		BD91F9BF2333E72C00E287E0 /* APINetworkManager.swift */ = {isa = PBXFileReference; lastKnownFileType = sourcecode.swift; path = APINetworkManager.swift; sourceTree = "<group>"; };
		BD91F9C423341A3D00E287E0 /* ImageEndpoint.swift */ = {isa = PBXFileReference; lastKnownFileType = sourcecode.swift; path = ImageEndpoint.swift; sourceTree = "<group>"; };
		BD91F9C62334297C00E287E0 /* ImageConfiguration.swift */ = {isa = PBXFileReference; lastKnownFileType = sourcecode.swift; path = ImageConfiguration.swift; sourceTree = "<group>"; };
		BD91F9C823342C1000E287E0 /* ImageAPIClient.swift */ = {isa = PBXFileReference; lastKnownFileType = sourcecode.swift; path = ImageAPIClient.swift; sourceTree = "<group>"; };
		BD91F9CA233434C600E287E0 /* ImageClient.swift */ = {isa = PBXFileReference; lastKnownFileType = sourcecode.swift; path = ImageClient.swift; sourceTree = "<group>"; };
		BD91F9CC2334980500E287E0 /* MovieSectionEnum.swift */ = {isa = PBXFileReference; lastKnownFileType = sourcecode.swift; path = MovieSectionEnum.swift; sourceTree = "<group>"; };
		BD91F9D42337131C00E287E0 /* DetailView.swift */ = {isa = PBXFileReference; lastKnownFileType = sourcecode.swift; path = DetailView.swift; sourceTree = "<group>"; };
		BD91F9D72337287100E287E0 /* MovieDetail.swift */ = {isa = PBXFileReference; lastKnownFileType = sourcecode.swift; path = MovieDetail.swift; sourceTree = "<group>"; };
		BD9E410F231B79E800106FB3 /* MovieModelWithDates.swift */ = {isa = PBXFileReference; lastKnownFileType = sourcecode.swift; path = MovieModelWithDates.swift; sourceTree = "<group>"; };
		BD9E4112231B7A8000106FB3 /* NowPlayingCellsCell.swift */ = {isa = PBXFileReference; lastKnownFileType = sourcecode.swift; path = NowPlayingCellsCell.swift; sourceTree = "<group>"; };
		BD9E4116231B7AF500106FB3 /* PopularMovieCellsCell.swift */ = {isa = PBXFileReference; lastKnownFileType = sourcecode.swift; path = PopularMovieCellsCell.swift; sourceTree = "<group>"; };
		BD9E411A231B7BC500106FB3 /* TopRatedCellsCell.swift */ = {isa = PBXFileReference; lastKnownFileType = sourcecode.swift; path = TopRatedCellsCell.swift; sourceTree = "<group>"; };
		BD9E411E231B7C5900106FB3 /* UpcomingCellsCell.swift */ = {isa = PBXFileReference; lastKnownFileType = sourcecode.swift; path = UpcomingCellsCell.swift; sourceTree = "<group>"; };
		BDBD55BD243517910003859E /* ErrorModel.swift */ = {isa = PBXFileReference; lastKnownFileType = sourcecode.swift; path = ErrorModel.swift; sourceTree = "<group>"; };
		BDBD55C02435198A0003859E /* ErrorView.swift */ = {isa = PBXFileReference; lastKnownFileType = sourcecode.swift; path = ErrorView.swift; sourceTree = "<group>"; };
		BDBD55C3243522B40003859E /* ErrorController.swift */ = {isa = PBXFileReference; lastKnownFileType = sourcecode.swift; path = ErrorController.swift; sourceTree = "<group>"; };
		BDBD55C82437E13D0003859E /* BlurEffectBooleanProtocol.swift */ = {isa = PBXFileReference; lastKnownFileType = sourcecode.swift; path = BlurEffectBooleanProtocol.swift; sourceTree = "<group>"; };
		BDBD55CA2438069E0003859E /* HandleSlideMenuProtocol.swift */ = {isa = PBXFileReference; lastKnownFileType = sourcecode.swift; path = HandleSlideMenuProtocol.swift; sourceTree = "<group>"; };
		BDBD55CC2439116B0003859E /* ChangeToAboutControllerProtocol.swift */ = {isa = PBXFileReference; lastKnownFileType = sourcecode.swift; path = ChangeToAboutControllerProtocol.swift; sourceTree = "<group>"; };
		BDDD9883232C9B1A00A57F49 /* InnerCollectionViewFlowLayout.swift */ = {isa = PBXFileReference; lastKnownFileType = sourcecode.swift; path = InnerCollectionViewFlowLayout.swift; sourceTree = "<group>"; };
		BDE381862442D2B500BA7237 /* SlideMenuHelperProtocol.swift */ = {isa = PBXFileReference; lastKnownFileType = sourcecode.swift; path = SlideMenuHelperProtocol.swift; sourceTree = "<group>"; };
/* End PBXFileReference section */

/* Begin PBXFrameworksBuildPhase section */
		BD10873322AF3B6600EBA1B9 /* Frameworks */ = {
			isa = PBXFrameworksBuildPhase;
			buildActionMask = 2147483647;
			files = (
			);
			runOnlyForDeploymentPostprocessing = 0;
		};
		BD35E57B242929790041AAA3 /* Frameworks */ = {
			isa = PBXFrameworksBuildPhase;
			buildActionMask = 2147483647;
			files = (
			);
			runOnlyForDeploymentPostprocessing = 0;
		};
/* End PBXFrameworksBuildPhase section */

/* Begin PBXGroup section */
		BD10872D22AF3B6600EBA1B9 = {
			isa = PBXGroup;
			children = (
				BD10873822AF3B6600EBA1B9 /* CinemApp */,
				BD35E57F242929790041AAA3 /* CinemAppTests */,
				BD10873722AF3B6600EBA1B9 /* Products */,
			);
			sourceTree = "<group>";
		};
		BD10873722AF3B6600EBA1B9 /* Products */ = {
			isa = PBXGroup;
			children = (
				BD10873622AF3B6600EBA1B9 /* CinemApp.app */,
				BD35E57E242929790041AAA3 /* CinemAppTests.xctest */,
			);
			name = Products;
			sourceTree = "<group>";
		};
		BD10873822AF3B6600EBA1B9 /* CinemApp */ = {
			isa = PBXGroup;
			children = (
				BD10873922AF3B6600EBA1B9 /* AppDelegate.swift */,
				BD91F9D123370A6600E287E0 /* Movies */,
				BD10874022AF3B6800EBA1B9 /* Assets.xcassets */,
				BD10874522AF3B6800EBA1B9 /* Info.plist */,
			);
			path = CinemApp;
			sourceTree = "<group>";
		};
		BD10874D22AF3FC400EBA1B9 /* Models */ = {
			isa = PBXGroup;
			children = (
				BDBD55BC2435173C0003859E /* Error */,
				BD8BFA9023FB9D7A008495B4 /* Category */,
				BD8BFA8F23FB9D6F008495B4 /* Main */,
				BD91F9CF2334A07900E287E0 /* JSON */,
				BD44C8E2233E900B008FD2F8 /* Cast */,
				BD91F9D923372E1800E287E0 /* Detail */,
				BD91F9CE23349FFF00E287E0 /* Movie */,
				BD91F9C1233418F400E287E0 /* Image */,
			);
			path = Models;
			sourceTree = "<group>";
		};
		BD10875022AF409C00EBA1B9 /* Managers */ = {
			isa = PBXGroup;
			children = (
				BDBD55CF243D08FF0003859E /* APIManager */,
				BDBD55D0243D090A0003859E /* DetailManager */,
				BDBD55D1243D091E0003859E /* InternetManager */,
				BDE381852442D27B00BA7237 /* Helpers */,
			);
			path = Managers;
			sourceTree = "<group>";
		};
		BD10875C22B33A0900EBA1B9 /* Home */ = {
			isa = PBXGroup;
			children = (
				BD10873B22AF3B6600EBA1B9 /* HomeScreenController.swift */,
				BD35E56D24200CE80041AAA3 /* LaunchScreenProtocol */,
				BD8BFA9123FEEB04008495B4 /* CollectionViewProtocols */,
			);
			path = Home;
			sourceTree = "<group>";
		};
		BD10876122E45EF900EBA1B9 /* Utilities */ = {
			isa = PBXGroup;
			children = (
				BD10876222E45F3000EBA1B9 /* Constants.swift */,
			);
			path = Utilities;
			sourceTree = "<group>";
		};
		BD35E567241FFDBE0041AAA3 /* LaunchScreen */ = {
			isa = PBXGroup;
			children = (
				BD35E568241FFDD90041AAA3 /* LaunchScreenView.swift */,
			);
			path = LaunchScreen;
			sourceTree = "<group>";
		};
		BD35E56A242004C80041AAA3 /* LaunchScreen */ = {
			isa = PBXGroup;
			children = (
				BD35E56B242004E70041AAA3 /* LaunchScreenController.swift */,
			);
			path = LaunchScreen;
			sourceTree = "<group>";
		};
		BD35E56D24200CE80041AAA3 /* LaunchScreenProtocol */ = {
			isa = PBXGroup;
			children = (
				BD35E56E24200CFD0041AAA3 /* LaunchScreenProtocol.swift */,
			);
			path = LaunchScreenProtocol;
			sourceTree = "<group>";
		};
		BD35E57124214E200041AAA3 /* Category */ = {
			isa = PBXGroup;
			children = (
			);
			path = Category;
			sourceTree = "<group>";
		};
		BD35E572242165AB0041AAA3 /* Slide */ = {
			isa = PBXGroup;
			children = (
				BD35E573242165C50041AAA3 /* SlideController.swift */,
				BDBD55C72437D7240003859E /* SlideControllerProtocols */,
			);
			path = Slide;
			sourceTree = "<group>";
		};
		BD35E57F242929790041AAA3 /* CinemAppTests */ = {
			isa = PBXGroup;
			children = (
				BD385A4D2444EAA800A4DE8C /* HelperFunctions */,
				BD35E58824292AA60041AAA3 /* Home */,
				BD35E582242929790041AAA3 /* Info.plist */,
			);
			path = CinemAppTests;
			sourceTree = "<group>";
		};
		BD35E58824292AA60041AAA3 /* Home */ = {
			isa = PBXGroup;
			children = (
				BD35E580242929790041AAA3 /* HomeTests.swift */,
			);
			path = Home;
			sourceTree = "<group>";
		};
		BD385A4D2444EAA800A4DE8C /* HelperFunctions */ = {
			isa = PBXGroup;
			children = (
				BD385A4E2444EADF00A4DE8C /* HelperFunctionTests.swift */,
			);
			path = HelperFunctions;
			sourceTree = "<group>";
		};
		BD44C8DF233E7C19008FD2F8 /* Cast Cell */ = {
			isa = PBXGroup;
			children = (
				BD44C8E0233E7C59008FD2F8 /* CastCollectionViewCell.swift */,
			);
			path = "Cast Cell";
			sourceTree = "<group>";
		};
		BD44C8E2233E900B008FD2F8 /* Cast */ = {
			isa = PBXGroup;
			children = (
				BD44C8E3233E92DA008FD2F8 /* CastApi.swift */,
				BD44C8E5233E9371008FD2F8 /* CastClient.swift */,
			);
			path = Cast;
			sourceTree = "<group>";
		};
		BD6D2B5E23FF88CA007A607B /* Detail */ = {
			isa = PBXGroup;
			children = (
				BD6D2B5F23FF9D8B007A607B /* DetailViewController.swift */,
				BD6D2B6123FFA089007A607B /* CastCollectionViewProtocols */,
			);
			path = Detail;
			sourceTree = "<group>";
		};
		BD6D2B6123FFA089007A607B /* CastCollectionViewProtocols */ = {
			isa = PBXGroup;
			children = (
				BD6D2B6223FFA1B1007A607B /* CastCollectionViewDelegate.swift */,
				BD6D2B6423FFA29B007A607B /* CastCollectionViewDataSource.swift */,
				BD6D2B6623FFA48C007A607B /* CastProtocols.swift */,
			);
			path = CastCollectionViewProtocols;
			sourceTree = "<group>";
		};
		BD6D2B6824008478007A607B /* Movie Cell */ = {
			isa = PBXGroup;
			children = (
				BD10875D22B45AF800EBA1B9 /* MovieCollectionViewCell.swift */,
			);
			path = "Movie Cell";
			sourceTree = "<group>";
		};
		BD6D2B6924008A4F007A607B /* InnerCollectionViewProtocols */ = {
			isa = PBXGroup;
			children = (
				BD6D2B6A24008A74007A607B /* HomeScreenInnerDelegate.swift */,
				BD6D2B6C24008AEB007A607B /* HomeScreenInnerDataSource.swift */,
				BD6D2B71240DC5AA007A607B /* InnerCellPropertyProtocol.swift */,
			);
			path = InnerCollectionViewProtocols;
			sourceTree = "<group>";
		};
		BD79BE892344607500B2857D /* About */ = {
			isa = PBXGroup;
			children = (
				BD79BE8A234460BF00B2857D /* AboutView.swift */,
			);
			path = About;
			sourceTree = "<group>";
		};
		BD8BFA8923FB2667008495B4 /* Views */ = {
			isa = PBXGroup;
			children = (
				BDBD55BF2435182E0003859E /* ErrorView */,
				BD35E567241FFDBE0041AAA3 /* LaunchScreen */,
				BD91F9D02334A0B800E287E0 /* FlowLayouts */,
				BD8BFA8E23FB94AA008495B4 /* SlideMenu */,
				BD8BFA8B23FB32C3008495B4 /* Home */,
				BD79BE892344607500B2857D /* About */,
				BD91F9D32337128700E287E0 /* Detail */,
				BD9E4111231B7A6700106FB3 /* InnerCells */,
				BD35E57124214E200041AAA3 /* Category */,
			);
			path = Views;
			sourceTree = "<group>";
		};
		BD8BFA8A23FB2723008495B4 /* Controllers */ = {
			isa = PBXGroup;
			children = (
				BDBD55C22435228E0003859E /* Error */,
				BD35E56A242004C80041AAA3 /* LaunchScreen */,
				BD10875C22B33A0900EBA1B9 /* Home */,
				BD6D2B5E23FF88CA007A607B /* Detail */,
				BD35E572242165AB0041AAA3 /* Slide */,
				BD8BFA9B23FF16A3008495B4 /* About */,
			);
			path = Controllers;
			sourceTree = "<group>";
		};
		BD8BFA8B23FB32C3008495B4 /* Home */ = {
			isa = PBXGroup;
			children = (
				BD8BFA8C23FB334B008495B4 /* MainScreenView.swift */,
				BD6D2B6824008478007A607B /* Movie Cell */,
			);
			path = Home;
			sourceTree = "<group>";
		};
		BD8BFA8E23FB94AA008495B4 /* SlideMenu */ = {
			isa = PBXGroup;
			children = (
				BD10875322B01A1400EBA1B9 /* CategoryView.swift */,
			);
			path = SlideMenu;
			sourceTree = "<group>";
		};
		BD8BFA8F23FB9D6F008495B4 /* Main */ = {
			isa = PBXGroup;
			children = (
				BD91F9CC2334980500E287E0 /* MovieSectionEnum.swift */,
				BD8BFA9823FEF48C008495B4 /* Protocols */,
			);
			path = Main;
			sourceTree = "<group>";
		};
		BD8BFA9023FB9D7A008495B4 /* Category */ = {
			isa = PBXGroup;
			children = (
				BD10875822B2B9EF00EBA1B9 /* CategoryViewProtocol.swift */,
			);
			path = Category;
			sourceTree = "<group>";
		};
		BD8BFA9123FEEB04008495B4 /* CollectionViewProtocols */ = {
			isa = PBXGroup;
			children = (
				BD356C37241752A40090CF21 /* HomeScreenMainDelegate.swift */,
				BD8BFA9423FEEBC4008495B4 /* HomeScreenMainDataSource.swift */,
				BD6D2B6924008A4F007A607B /* InnerCollectionViewProtocols */,
			);
			path = CollectionViewProtocols;
			sourceTree = "<group>";
		};
		BD8BFA9823FEF48C008495B4 /* Protocols */ = {
			isa = PBXGroup;
			children = (
				BD6D2B6F24032E6C007A607B /* HomeCollectionViewCellProperties.swift */,
			);
			path = Protocols;
			sourceTree = "<group>";
		};
		BD8BFA9B23FF16A3008495B4 /* About */ = {
			isa = PBXGroup;
			children = (
				BD8BFA9C23FF16DF008495B4 /* AboutViewController.swift */,
			);
			path = About;
			sourceTree = "<group>";
		};
		BD91F9C1233418F400E287E0 /* Image */ = {
			isa = PBXGroup;
			children = (
				BD91F9C423341A3D00E287E0 /* ImageEndpoint.swift */,
				BD91F9C62334297C00E287E0 /* ImageConfiguration.swift */,
				BD91F9C823342C1000E287E0 /* ImageAPIClient.swift */,
				BD91F9CA233434C600E287E0 /* ImageClient.swift */,
			);
			path = Image;
			sourceTree = "<group>";
		};
		BD91F9CE23349FFF00E287E0 /* Movie */ = {
			isa = PBXGroup;
			children = (
				BD91F9B323334CBA00E287E0 /* Result.swift */,
				BD91F9B523334D6400E287E0 /* Endpoint.swift */,
				BD91F9B723334F2F00E287E0 /* MovieSection.swift */,
				BD91F9B92333511400E287E0 /* APIError.swift */,
				BD91F9BB233352FF00E287E0 /* ApiClient.swift */,
				BD91F9BD23335EFE00E287E0 /* MovieClient.swift */,
			);
			path = Movie;
			sourceTree = "<group>";
		};
		BD91F9CF2334A07900E287E0 /* JSON */ = {
			isa = PBXGroup;
			children = (
				BD10874B22AF3CDA00EBA1B9 /* MovieModel.swift */,
				BD9E410F231B79E800106FB3 /* MovieModelWithDates.swift */,
				BD10876422E7B84A00EBA1B9 /* MovieImageModel.swift */,
				BD91F9D72337287100E287E0 /* MovieDetail.swift */,
				BD44C8D7233DE1D4008FD2F8 /* MovieCastModel.swift */,
			);
			path = JSON;
			sourceTree = "<group>";
		};
		BD91F9D02334A0B800E287E0 /* FlowLayouts */ = {
			isa = PBXGroup;
			children = (
				BD10875F22B460AB00EBA1B9 /* MainCollectionViewFlowLayout.swift */,
				BDDD9883232C9B1A00A57F49 /* InnerCollectionViewFlowLayout.swift */,
				BD44C8DB233E75EA008FD2F8 /* CastCollectionViewFlowLayout.swift */,
			);
			path = FlowLayouts;
			sourceTree = "<group>";
		};
		BD91F9D123370A6600E287E0 /* Movies */ = {
			isa = PBXGroup;
			children = (
				BD10876122E45EF900EBA1B9 /* Utilities */,
				BD10874D22AF3FC400EBA1B9 /* Models */,
				BD8BFA8923FB2667008495B4 /* Views */,
				BD8BFA8A23FB2723008495B4 /* Controllers */,
				BD10875022AF409C00EBA1B9 /* Managers */,
			);
			path = Movies;
			sourceTree = "<group>";
		};
		BD91F9D32337128700E287E0 /* Detail */ = {
			isa = PBXGroup;
			children = (
				BD91F9D62337283400E287E0 /* Detail View */,
				BD44C8DF233E7C19008FD2F8 /* Cast Cell */,
			);
			path = Detail;
			sourceTree = "<group>";
		};
		BD91F9D62337283400E287E0 /* Detail View */ = {
			isa = PBXGroup;
			children = (
				BD91F9D42337131C00E287E0 /* DetailView.swift */,
			);
			path = "Detail View";
			sourceTree = "<group>";
		};
		BD91F9D923372E1800E287E0 /* Detail */ = {
			isa = PBXGroup;
			children = (
				BD44C8D2233D1929008FD2F8 /* DetailApi.swift */,
				BD44C8D4233D259B008FD2F8 /* DetailClient.swift */,
			);
			path = Detail;
			sourceTree = "<group>";
		};
		BD9E4111231B7A6700106FB3 /* InnerCells */ = {
			isa = PBXGroup;
			children = (
				BD9E4116231B7AF500106FB3 /* PopularMovieCellsCell.swift */,
				BD9E4112231B7A8000106FB3 /* NowPlayingCellsCell.swift */,
				BD9E411E231B7C5900106FB3 /* UpcomingCellsCell.swift */,
				BD9E411A231B7BC500106FB3 /* TopRatedCellsCell.swift */,
			);
			path = InnerCells;
			sourceTree = "<group>";
		};
		BDBD55BC2435173C0003859E /* Error */ = {
			isa = PBXGroup;
			children = (
				BDBD55BD243517910003859E /* ErrorModel.swift */,
			);
			path = Error;
			sourceTree = "<group>";
		};
		BDBD55BF2435182E0003859E /* ErrorView */ = {
			isa = PBXGroup;
			children = (
				BDBD55C02435198A0003859E /* ErrorView.swift */,
			);
			path = ErrorView;
			sourceTree = "<group>";
		};
		BDBD55C22435228E0003859E /* Error */ = {
			isa = PBXGroup;
			children = (
				BDBD55C3243522B40003859E /* ErrorController.swift */,
			);
			path = Error;
			sourceTree = "<group>";
		};
		BDBD55C72437D7240003859E /* SlideControllerProtocols */ = {
			isa = PBXGroup;
			children = (
				BDBD55C82437E13D0003859E /* BlurEffectBooleanProtocol.swift */,
				BDBD55CA2438069E0003859E /* HandleSlideMenuProtocol.swift */,
				BDBD55CC2439116B0003859E /* ChangeToAboutControllerProtocol.swift */,
				BD385A51244561AF00A4DE8C /* ChangeToMovieControllerProtocol.swift */,
			);
			path = SlideControllerProtocols;
			sourceTree = "<group>";
		};
		BDBD55CF243D08FF0003859E /* APIManager */ = {
			isa = PBXGroup;
			children = (
				BD91F9BF2333E72C00E287E0 /* APINetworkManager.swift */,
			);
			path = APIManager;
			sourceTree = "<group>";
		};
		BDBD55D0243D090A0003859E /* DetailManager */ = {
			isa = PBXGroup;
			children = (
				BD44C8E7233F0125008FD2F8 /* DetailNetworkManager.swift */,
			);
			path = DetailManager;
			sourceTree = "<group>";
		};
		BDBD55D1243D091E0003859E /* InternetManager */ = {
			isa = PBXGroup;
			children = (
				BD35E58C242A6FB90041AAA3 /* InternetNetwork.swift */,
			);
			path = InternetManager;
			sourceTree = "<group>";
		};
		BDE381852442D27B00BA7237 /* Helpers */ = {
			isa = PBXGroup;
			children = (
				BDE381862442D2B500BA7237 /* SlideMenuHelperProtocol.swift */,
			);
			path = Helpers;
			sourceTree = "<group>";
		};
/* End PBXGroup section */

/* Begin PBXNativeTarget section */
		BD10873522AF3B6600EBA1B9 /* CinemApp */ = {
			isa = PBXNativeTarget;
			buildConfigurationList = BD10874822AF3B6800EBA1B9 /* Build configuration list for PBXNativeTarget "CinemApp" */;
			buildPhases = (
				BD10873222AF3B6600EBA1B9 /* Sources */,
				BD10873322AF3B6600EBA1B9 /* Frameworks */,
				BD10873422AF3B6600EBA1B9 /* Resources */,
			);
			buildRules = (
			);
			dependencies = (
			);
			name = CinemApp;
			productName = CinemApp;
			productReference = BD10873622AF3B6600EBA1B9 /* CinemApp.app */;
			productType = "com.apple.product-type.application";
		};
		BD35E57D242929790041AAA3 /* CinemAppTests */ = {
			isa = PBXNativeTarget;
			buildConfigurationList = BD35E585242929790041AAA3 /* Build configuration list for PBXNativeTarget "CinemAppTests" */;
			buildPhases = (
				BD35E57A242929790041AAA3 /* Sources */,
				BD35E57B242929790041AAA3 /* Frameworks */,
				BD35E57C242929790041AAA3 /* Resources */,
			);
			buildRules = (
			);
			dependencies = (
				BD35E584242929790041AAA3 /* PBXTargetDependency */,
			);
			name = CinemAppTests;
			productName = CinemAppTests;
			productReference = BD35E57E242929790041AAA3 /* CinemAppTests.xctest */;
			productType = "com.apple.product-type.bundle.unit-test";
		};
/* End PBXNativeTarget section */

/* Begin PBXProject section */
		BD10872E22AF3B6600EBA1B9 /* Project object */ = {
			isa = PBXProject;
			attributes = {
				LastSwiftUpdateCheck = 1130;
				LastUpgradeCheck = 1010;
				ORGANIZATIONNAME = "Josiah Agosto";
				TargetAttributes = {
					BD10873522AF3B6600EBA1B9 = {
						CreatedOnToolsVersion = 10.1;
						LastSwiftMigration = 1100;
					};
					BD35E57D242929790041AAA3 = {
						CreatedOnToolsVersion = 11.3.1;
						TestTargetID = BD10873522AF3B6600EBA1B9;
					};
				};
			};
			buildConfigurationList = BD10873122AF3B6600EBA1B9 /* Build configuration list for PBXProject "CinemApp" */;
			compatibilityVersion = "Xcode 9.3";
			developmentRegion = en;
			hasScannedForEncodings = 0;
			knownRegions = (
				en,
				Base,
			);
			mainGroup = BD10872D22AF3B6600EBA1B9;
			productRefGroup = BD10873722AF3B6600EBA1B9 /* Products */;
			projectDirPath = "";
			projectRoot = "";
			targets = (
				BD10873522AF3B6600EBA1B9 /* CinemApp */,
				BD35E57D242929790041AAA3 /* CinemAppTests */,
			);
		};
/* End PBXProject section */

/* Begin PBXResourcesBuildPhase section */
		BD10873422AF3B6600EBA1B9 /* Resources */ = {
			isa = PBXResourcesBuildPhase;
			buildActionMask = 2147483647;
			files = (
				BD10874122AF3B6800EBA1B9 /* Assets.xcassets in Resources */,
			);
			runOnlyForDeploymentPostprocessing = 0;
		};
		BD35E57C242929790041AAA3 /* Resources */ = {
			isa = PBXResourcesBuildPhase;
			buildActionMask = 2147483647;
			files = (
			);
			runOnlyForDeploymentPostprocessing = 0;
		};
/* End PBXResourcesBuildPhase section */

/* Begin PBXSourcesBuildPhase section */
		BD10873222AF3B6600EBA1B9 /* Sources */ = {
			isa = PBXSourcesBuildPhase;
			buildActionMask = 2147483647;
			files = (
				BD10876522E7B84A00EBA1B9 /* MovieImageModel.swift in Sources */,
				BD44C8E6233E9371008FD2F8 /* CastClient.swift in Sources */,
				BD35E56C242004E70041AAA3 /* LaunchScreenController.swift in Sources */,
				BD91F9BE23335EFE00E287E0 /* MovieClient.swift in Sources */,
				BD91F9B623334D6400E287E0 /* Endpoint.swift in Sources */,
				BDBD55C12435198A0003859E /* ErrorView.swift in Sources */,
				BD8BFA9523FEEBC4008495B4 /* HomeScreenMainDataSource.swift in Sources */,
				BD44C8E8233F0125008FD2F8 /* DetailNetworkManager.swift in Sources */,
				BD35E574242165C50041AAA3 /* SlideController.swift in Sources */,
				BD9E4110231B79E800106FB3 /* MovieModelWithDates.swift in Sources */,
				BD10873C22AF3B6600EBA1B9 /* HomeScreenController.swift in Sources */,
				BD91F9C02333E72C00E287E0 /* APINetworkManager.swift in Sources */,
				BD91F9CD2334980500E287E0 /* MovieSectionEnum.swift in Sources */,
				BD6D2B6523FFA29B007A607B /* CastCollectionViewDataSource.swift in Sources */,
				BD10873A22AF3B6600EBA1B9 /* AppDelegate.swift in Sources */,
				BD10876322E45F3000EBA1B9 /* Constants.swift in Sources */,
				BD91F9CB233434C600E287E0 /* ImageClient.swift in Sources */,
				BDBD55C92437E13D0003859E /* BlurEffectBooleanProtocol.swift in Sources */,
				BD356C38241752A40090CF21 /* HomeScreenMainDelegate.swift in Sources */,
				BDBD55CB2438069E0003859E /* HandleSlideMenuProtocol.swift in Sources */,
				BD91F9BA2333511400E287E0 /* APIError.swift in Sources */,
				BD6D2B6723FFA48C007A607B /* CastProtocols.swift in Sources */,
				BD6D2B6B24008A74007A607B /* HomeScreenInnerDelegate.swift in Sources */,
				BDBD55C4243522B40003859E /* ErrorController.swift in Sources */,
				BDBD55CD2439116B0003859E /* ChangeToAboutControllerProtocol.swift in Sources */,
				BD91F9C72334297C00E287E0 /* ImageConfiguration.swift in Sources */,
				BD79BE8B234460BF00B2857D /* AboutView.swift in Sources */,
				BD44C8D5233D259B008FD2F8 /* DetailClient.swift in Sources */,
				BD44C8D8233DE1D4008FD2F8 /* MovieCastModel.swift in Sources */,
				BD6D2B72240DC5AA007A607B /* InnerCellPropertyProtocol.swift in Sources */,
				BD6D2B6323FFA1B1007A607B /* CastCollectionViewDelegate.swift in Sources */,
				BDBD55BE243517910003859E /* ErrorModel.swift in Sources */,
				BD44C8E4233E92DA008FD2F8 /* CastApi.swift in Sources */,
				BD91F9B823334F2F00E287E0 /* MovieSection.swift in Sources */,
				BD91F9D52337131C00E287E0 /* DetailView.swift in Sources */,
				BD91F9C523341A3D00E287E0 /* ImageEndpoint.swift in Sources */,
				BD9E4117231B7AF500106FB3 /* PopularMovieCellsCell.swift in Sources */,
				BD91F9BC233352FF00E287E0 /* ApiClient.swift in Sources */,
				BD10874C22AF3CDA00EBA1B9 /* MovieModel.swift in Sources */,
				BD91F9B423334CBA00E287E0 /* Result.swift in Sources */,
				BD10875E22B45AF800EBA1B9 /* MovieCollectionViewCell.swift in Sources */,
				BD6D2B6023FF9D8B007A607B /* DetailViewController.swift in Sources */,
				BD6D2B6D24008AEB007A607B /* HomeScreenInnerDataSource.swift in Sources */,
				BD385A52244561AF00A4DE8C /* ChangeToMovieControllerProtocol.swift in Sources */,
				BDE381872442D2B500BA7237 /* SlideMenuHelperProtocol.swift in Sources */,
				BD35E56F24200CFD0041AAA3 /* LaunchScreenProtocol.swift in Sources */,
				BD10875422B01A1400EBA1B9 /* CategoryView.swift in Sources */,
				BD44C8D3233D1929008FD2F8 /* DetailApi.swift in Sources */,
				BD9E411B231B7BC500106FB3 /* TopRatedCellsCell.swift in Sources */,
				BD35E569241FFDD90041AAA3 /* LaunchScreenView.swift in Sources */,
				BD10876022B460AB00EBA1B9 /* MainCollectionViewFlowLayout.swift in Sources */,
				BD8BFA8D23FB334B008495B4 /* MainScreenView.swift in Sources */,
				BD10875922B2B9EF00EBA1B9 /* CategoryViewProtocol.swift in Sources */,
				BD6D2B7024032E6D007A607B /* HomeCollectionViewCellProperties.swift in Sources */,
				BD9E4113231B7A8000106FB3 /* NowPlayingCellsCell.swift in Sources */,
				BD35E58D242A6FB90041AAA3 /* InternetNetwork.swift in Sources */,
				BD9E411F231B7C5900106FB3 /* UpcomingCellsCell.swift in Sources */,
				BDDD9884232C9B1A00A57F49 /* InnerCollectionViewFlowLayout.swift in Sources */,
				BD44C8DC233E75EA008FD2F8 /* CastCollectionViewFlowLayout.swift in Sources */,
				BD44C8E1233E7C59008FD2F8 /* CastCollectionViewCell.swift in Sources */,
				BD91F9C923342C1000E287E0 /* ImageAPIClient.swift in Sources */,
				BD91F9D82337287100E287E0 /* MovieDetail.swift in Sources */,
				BD8BFA9D23FF16DF008495B4 /* AboutViewController.swift in Sources */,
			);
			runOnlyForDeploymentPostprocessing = 0;
		};
		BD35E57A242929790041AAA3 /* Sources */ = {
			isa = PBXSourcesBuildPhase;
			buildActionMask = 2147483647;
			files = (
				BD35E581242929790041AAA3 /* HomeTests.swift in Sources */,
				BD385A4F2444EADF00A4DE8C /* HelperFunctionTests.swift in Sources */,
			);
			runOnlyForDeploymentPostprocessing = 0;
		};
/* End PBXSourcesBuildPhase section */

/* Begin PBXTargetDependency section */
		BD35E584242929790041AAA3 /* PBXTargetDependency */ = {
			isa = PBXTargetDependency;
			target = BD10873522AF3B6600EBA1B9 /* CinemApp */;
			targetProxy = BD35E583242929790041AAA3 /* PBXContainerItemProxy */;
		};
/* End PBXTargetDependency section */

/* Begin XCBuildConfiguration section */
		BD10874622AF3B6800EBA1B9 /* Debug */ = {
			isa = XCBuildConfiguration;
			buildSettings = {
				ALWAYS_SEARCH_USER_PATHS = NO;
				CLANG_ANALYZER_NONNULL = YES;
				CLANG_ANALYZER_NUMBER_OBJECT_CONVERSION = YES_AGGRESSIVE;
				CLANG_CXX_LANGUAGE_STANDARD = "gnu++14";
				CLANG_CXX_LIBRARY = "libc++";
				CLANG_ENABLE_MODULES = YES;
				CLANG_ENABLE_OBJC_ARC = YES;
				CLANG_ENABLE_OBJC_WEAK = YES;
				CLANG_WARN_BLOCK_CAPTURE_AUTORELEASING = YES;
				CLANG_WARN_BOOL_CONVERSION = YES;
				CLANG_WARN_COMMA = YES;
				CLANG_WARN_CONSTANT_CONVERSION = YES;
				CLANG_WARN_DEPRECATED_OBJC_IMPLEMENTATIONS = YES;
				CLANG_WARN_DIRECT_OBJC_ISA_USAGE = YES_ERROR;
				CLANG_WARN_DOCUMENTATION_COMMENTS = YES;
				CLANG_WARN_EMPTY_BODY = YES;
				CLANG_WARN_ENUM_CONVERSION = YES;
				CLANG_WARN_INFINITE_RECURSION = YES;
				CLANG_WARN_INT_CONVERSION = YES;
				CLANG_WARN_NON_LITERAL_NULL_CONVERSION = YES;
				CLANG_WARN_OBJC_IMPLICIT_RETAIN_SELF = YES;
				CLANG_WARN_OBJC_LITERAL_CONVERSION = YES;
				CLANG_WARN_OBJC_ROOT_CLASS = YES_ERROR;
				CLANG_WARN_RANGE_LOOP_ANALYSIS = YES;
				CLANG_WARN_STRICT_PROTOTYPES = YES;
				CLANG_WARN_SUSPICIOUS_MOVE = YES;
				CLANG_WARN_UNGUARDED_AVAILABILITY = YES_AGGRESSIVE;
				CLANG_WARN_UNREACHABLE_CODE = YES;
				CLANG_WARN__DUPLICATE_METHOD_MATCH = YES;
				CODE_SIGN_IDENTITY = "iPhone Developer";
				COPY_PHASE_STRIP = NO;
				DEBUG_INFORMATION_FORMAT = dwarf;
				ENABLE_STRICT_OBJC_MSGSEND = YES;
				ENABLE_TESTABILITY = YES;
				GCC_C_LANGUAGE_STANDARD = gnu11;
				GCC_DYNAMIC_NO_PIC = NO;
				GCC_NO_COMMON_BLOCKS = YES;
				GCC_OPTIMIZATION_LEVEL = 0;
				GCC_PREPROCESSOR_DEFINITIONS = (
					"DEBUG=1",
					"$(inherited)",
				);
				GCC_WARN_64_TO_32_BIT_CONVERSION = YES;
				GCC_WARN_ABOUT_RETURN_TYPE = YES_ERROR;
				GCC_WARN_UNDECLARED_SELECTOR = YES;
				GCC_WARN_UNINITIALIZED_AUTOS = YES_AGGRESSIVE;
				GCC_WARN_UNUSED_FUNCTION = YES;
				GCC_WARN_UNUSED_VARIABLE = YES;
				IPHONEOS_DEPLOYMENT_TARGET = 12.1;
				MTL_ENABLE_DEBUG_INFO = INCLUDE_SOURCE;
				MTL_FAST_MATH = YES;
				ONLY_ACTIVE_ARCH = YES;
				SDKROOT = iphoneos;
				SWIFT_ACTIVE_COMPILATION_CONDITIONS = DEBUG;
				SWIFT_OPTIMIZATION_LEVEL = "-Onone";
			};
			name = Debug;
		};
		BD10874722AF3B6800EBA1B9 /* Release */ = {
			isa = XCBuildConfiguration;
			buildSettings = {
				ALWAYS_SEARCH_USER_PATHS = NO;
				CLANG_ANALYZER_NONNULL = YES;
				CLANG_ANALYZER_NUMBER_OBJECT_CONVERSION = YES_AGGRESSIVE;
				CLANG_CXX_LANGUAGE_STANDARD = "gnu++14";
				CLANG_CXX_LIBRARY = "libc++";
				CLANG_ENABLE_MODULES = YES;
				CLANG_ENABLE_OBJC_ARC = YES;
				CLANG_ENABLE_OBJC_WEAK = YES;
				CLANG_WARN_BLOCK_CAPTURE_AUTORELEASING = YES;
				CLANG_WARN_BOOL_CONVERSION = YES;
				CLANG_WARN_COMMA = YES;
				CLANG_WARN_CONSTANT_CONVERSION = YES;
				CLANG_WARN_DEPRECATED_OBJC_IMPLEMENTATIONS = YES;
				CLANG_WARN_DIRECT_OBJC_ISA_USAGE = YES_ERROR;
				CLANG_WARN_DOCUMENTATION_COMMENTS = YES;
				CLANG_WARN_EMPTY_BODY = YES;
				CLANG_WARN_ENUM_CONVERSION = YES;
				CLANG_WARN_INFINITE_RECURSION = YES;
				CLANG_WARN_INT_CONVERSION = YES;
				CLANG_WARN_NON_LITERAL_NULL_CONVERSION = YES;
				CLANG_WARN_OBJC_IMPLICIT_RETAIN_SELF = YES;
				CLANG_WARN_OBJC_LITERAL_CONVERSION = YES;
				CLANG_WARN_OBJC_ROOT_CLASS = YES_ERROR;
				CLANG_WARN_RANGE_LOOP_ANALYSIS = YES;
				CLANG_WARN_STRICT_PROTOTYPES = YES;
				CLANG_WARN_SUSPICIOUS_MOVE = YES;
				CLANG_WARN_UNGUARDED_AVAILABILITY = YES_AGGRESSIVE;
				CLANG_WARN_UNREACHABLE_CODE = YES;
				CLANG_WARN__DUPLICATE_METHOD_MATCH = YES;
				CODE_SIGN_IDENTITY = "iPhone Developer";
				COPY_PHASE_STRIP = NO;
				DEBUG_INFORMATION_FORMAT = "dwarf-with-dsym";
				ENABLE_NS_ASSERTIONS = NO;
				ENABLE_STRICT_OBJC_MSGSEND = YES;
				GCC_C_LANGUAGE_STANDARD = gnu11;
				GCC_NO_COMMON_BLOCKS = YES;
				GCC_WARN_64_TO_32_BIT_CONVERSION = YES;
				GCC_WARN_ABOUT_RETURN_TYPE = YES_ERROR;
				GCC_WARN_UNDECLARED_SELECTOR = YES;
				GCC_WARN_UNINITIALIZED_AUTOS = YES_AGGRESSIVE;
				GCC_WARN_UNUSED_FUNCTION = YES;
				GCC_WARN_UNUSED_VARIABLE = YES;
				IPHONEOS_DEPLOYMENT_TARGET = 12.1;
				MTL_ENABLE_DEBUG_INFO = NO;
				MTL_FAST_MATH = YES;
				SDKROOT = iphoneos;
				SWIFT_COMPILATION_MODE = wholemodule;
				SWIFT_OPTIMIZATION_LEVEL = "-O";
				VALIDATE_PRODUCT = YES;
			};
			name = Release;
		};
		BD10874922AF3B6800EBA1B9 /* Debug */ = {
			isa = XCBuildConfiguration;
			buildSettings = {
				ASSETCATALOG_COMPILER_APPICON_NAME = AppIcon;
				CODE_SIGN_IDENTITY = "iPhone Developer";
				CODE_SIGN_STYLE = Automatic;
				DEVELOPMENT_TEAM = 55T4UN5QF4;
				INFOPLIST_FILE = CinemApp/Info.plist;
				LD_RUNPATH_SEARCH_PATHS = (
					"$(inherited)",
					"@executable_path/Frameworks",
				);
				PRODUCT_BUNDLE_IDENTIFIER = "Josiah-Agosto.CinemApp";
				PRODUCT_NAME = "$(TARGET_NAME)";
				PROVISIONING_PROFILE_SPECIFIER = "";
				SWIFT_VERSION = 5.0;
				TARGETED_DEVICE_FAMILY = 1;
			};
			name = Debug;
		};
		BD10874A22AF3B6800EBA1B9 /* Release */ = {
			isa = XCBuildConfiguration;
			buildSettings = {
				ASSETCATALOG_COMPILER_APPICON_NAME = AppIcon;
				CODE_SIGN_IDENTITY = "iPhone Developer";
				CODE_SIGN_STYLE = Automatic;
				DEVELOPMENT_TEAM = 55T4UN5QF4;
				INFOPLIST_FILE = CinemApp/Info.plist;
				LD_RUNPATH_SEARCH_PATHS = (
					"$(inherited)",
					"@executable_path/Frameworks",
				);
				PRODUCT_BUNDLE_IDENTIFIER = "Josiah-Agosto.CinemApp";
				PRODUCT_NAME = "$(TARGET_NAME)";
				PROVISIONING_PROFILE_SPECIFIER = "";
				SWIFT_VERSION = 5.0;
				TARGETED_DEVICE_FAMILY = 1;
			};
			name = Release;
		};
		BD35E586242929790041AAA3 /* Debug */ = {
			isa = XCBuildConfiguration;
			buildSettings = {
				BUNDLE_LOADER = "$(TEST_HOST)";
				CODE_SIGN_STYLE = Automatic;
				DEVELOPMENT_TEAM = 55T4UN5QF4;
				INFOPLIST_FILE = CinemAppTests/Info.plist;
				IPHONEOS_DEPLOYMENT_TARGET = 13.2;
				LD_RUNPATH_SEARCH_PATHS = (
					"$(inherited)",
					"@executable_path/Frameworks",
					"@loader_path/Frameworks",
				);
				PRODUCT_BUNDLE_IDENTIFIER = "com.Josiah-Agosto.CinemAppTests";
				PRODUCT_NAME = "$(TARGET_NAME)";
				SWIFT_VERSION = 5.0;
				TARGETED_DEVICE_FAMILY = "1,2";
				TEST_HOST = "$(BUILT_PRODUCTS_DIR)/CinemApp.app/CinemApp";
			};
			name = Debug;
		};
		BD35E587242929790041AAA3 /* Release */ = {
			isa = XCBuildConfiguration;
			buildSettings = {
				BUNDLE_LOADER = "$(TEST_HOST)";
				CODE_SIGN_STYLE = Automatic;
				DEVELOPMENT_TEAM = 55T4UN5QF4;
				INFOPLIST_FILE = CinemAppTests/Info.plist;
				IPHONEOS_DEPLOYMENT_TARGET = 13.2;
				LD_RUNPATH_SEARCH_PATHS = (
					"$(inherited)",
					"@executable_path/Frameworks",
					"@loader_path/Frameworks",
				);
				PRODUCT_BUNDLE_IDENTIFIER = "com.Josiah-Agosto.CinemAppTests";
				PRODUCT_NAME = "$(TARGET_NAME)";
				SWIFT_VERSION = 5.0;
				TARGETED_DEVICE_FAMILY = "1,2";
				TEST_HOST = "$(BUILT_PRODUCTS_DIR)/CinemApp.app/CinemApp";
			};
			name = Release;
		};
/* End XCBuildConfiguration section */

/* Begin XCConfigurationList section */
		BD10873122AF3B6600EBA1B9 /* Build configuration list for PBXProject "CinemApp" */ = {
			isa = XCConfigurationList;
			buildConfigurations = (
				BD10874622AF3B6800EBA1B9 /* Debug */,
				BD10874722AF3B6800EBA1B9 /* Release */,
			);
			defaultConfigurationIsVisible = 0;
			defaultConfigurationName = Release;
		};
		BD10874822AF3B6800EBA1B9 /* Build configuration list for PBXNativeTarget "CinemApp" */ = {
			isa = XCConfigurationList;
			buildConfigurations = (
				BD10874922AF3B6800EBA1B9 /* Debug */,
				BD10874A22AF3B6800EBA1B9 /* Release */,
			);
			defaultConfigurationIsVisible = 0;
			defaultConfigurationName = Release;
		};
		BD35E585242929790041AAA3 /* Build configuration list for PBXNativeTarget "CinemAppTests" */ = {
			isa = XCConfigurationList;
			buildConfigurations = (
				BD35E586242929790041AAA3 /* Debug */,
				BD35E587242929790041AAA3 /* Release */,
			);
			defaultConfigurationIsVisible = 0;
			defaultConfigurationName = Release;
		};
/* End XCConfigurationList section */
	};
	rootObject = BD10872E22AF3B6600EBA1B9 /* Project object */;
}
