// !$*UTF8*$!
{
	archiveVersion = 1;
	classes = {
	};
	objectVersion = 50;
	objects = {

/* Begin PBXBuildFile section */
		BD10873A22AF3B6600EBA1B9 /* AppDelegate.swift in Sources */ = {isa = PBXBuildFile; fileRef = BD10873922AF3B6600EBA1B9 /* AppDelegate.swift */; };
		BD10873C22AF3B6600EBA1B9 /* HomeScreenController.swift in Sources */ = {isa = PBXBuildFile; fileRef = BD10873B22AF3B6600EBA1B9 /* HomeScreenController.swift */; };
		BD10874122AF3B6800EBA1B9 /* Assets.xcassets in Resources */ = {isa = PBXBuildFile; fileRef = BD10874022AF3B6800EBA1B9 /* Assets.xcassets */; };
		BD10874C22AF3CDA00EBA1B9 /* MovieModel.swift in Sources */ = {isa = PBXBuildFile; fileRef = BD10874B22AF3CDA00EBA1B9 /* MovieModel.swift */; };
		BD10875422B01A1400EBA1B9 /* CategoryView.swift in Sources */ = {isa = PBXBuildFile; fileRef = BD10875322B01A1400EBA1B9 /* CategoryView.swift */; };
		BD10875922B2B9EF00EBA1B9 /* CategoryViewProtocol.swift in Sources */ = {isa = PBXBuildFile; fileRef = BD10875822B2B9EF00EBA1B9 /* CategoryViewProtocol.swift */; };
		BD10875E22B45AF800EBA1B9 /* MovieCollectionViewCell.swift in Sources */ = {isa = PBXBuildFile; fileRef = BD10875D22B45AF800EBA1B9 /* MovieCollectionViewCell.swift */; };
		BD10876022B460AB00EBA1B9 /* MainCollectionViewFlowLayout.swift in Sources */ = {isa = PBXBuildFile; fileRef = BD10875F22B460AB00EBA1B9 /* MainCollectionViewFlowLayout.swift */; };
		BD10876322E45F3000EBA1B9 /* Constants.swift in Sources */ = {isa = PBXBuildFile; fileRef = BD10876222E45F3000EBA1B9 /* Constants.swift */; };
		BD10876522E7B84A00EBA1B9 /* MovieImageModel.swift in Sources */ = {isa = PBXBuildFile; fileRef = BD10876422E7B84A00EBA1B9 /* MovieImageModel.swift */; };
		BD44C8D3233D1929008FD2F8 /* DetailApi.swift in Sources */ = {isa = PBXBuildFile; fileRef = BD44C8D2233D1929008FD2F8 /* DetailApi.swift */; };
		BD44C8D5233D259B008FD2F8 /* DetailClient.swift in Sources */ = {isa = PBXBuildFile; fileRef = BD44C8D4233D259B008FD2F8 /* DetailClient.swift */; };
		BD44C8D8233DE1D4008FD2F8 /* MovieCastModel.swift in Sources */ = {isa = PBXBuildFile; fileRef = BD44C8D7233DE1D4008FD2F8 /* MovieCastModel.swift */; };
		BD44C8DC233E75EA008FD2F8 /* CastCollectionViewFlowLayout.swift in Sources */ = {isa = PBXBuildFile; fileRef = BD44C8DB233E75EA008FD2F8 /* CastCollectionViewFlowLayout.swift */; };
		BD44C8E1233E7C59008FD2F8 /* CastCollectionViewCell.swift in Sources */ = {isa = PBXBuildFile; fileRef = BD44C8E0233E7C59008FD2F8 /* CastCollectionViewCell.swift */; };
		BD44C8E4233E92DA008FD2F8 /* CastApi.swift in Sources */ = {isa = PBXBuildFile; fileRef = BD44C8E3233E92DA008FD2F8 /* CastApi.swift */; };
		BD44C8E6233E9371008FD2F8 /* CastClient.swift in Sources */ = {isa = PBXBuildFile; fileRef = BD44C8E5233E9371008FD2F8 /* CastClient.swift */; };
		BD44C8E8233F0125008FD2F8 /* DetailNetworkManager.swift in Sources */ = {isa = PBXBuildFile; fileRef = BD44C8E7233F0125008FD2F8 /* DetailNetworkManager.swift */; };
		BD79BE8B234460BF00B2857D /* AboutController.swift in Sources */ = {isa = PBXBuildFile; fileRef = BD79BE8A234460BF00B2857D /* AboutController.swift */; };
		BD8BFA8D23FB334B008495B4 /* MainScreenView.swift in Sources */ = {isa = PBXBuildFile; fileRef = BD8BFA8C23FB334B008495B4 /* MainScreenView.swift */; };
		BD8BFA9323FEEB3C008495B4 /* HomeScreenDelegate.swift in Sources */ = {isa = PBXBuildFile; fileRef = BD8BFA9223FEEB3B008495B4 /* HomeScreenDelegate.swift */; };
		BD8BFA9523FEEBC4008495B4 /* HomeScreenDataSource.swift in Sources */ = {isa = PBXBuildFile; fileRef = BD8BFA9423FEEBC4008495B4 /* HomeScreenDataSource.swift */; };
		BD8BFA9723FEED53008495B4 /* HomeScreenDelegateFlowLayout.swift in Sources */ = {isa = PBXBuildFile; fileRef = BD8BFA9623FEED53008495B4 /* HomeScreenDelegateFlowLayout.swift */; };
		BD8BFA9A23FEF4C2008495B4 /* HomeScreenDelegatePropertiesProtocol.swift in Sources */ = {isa = PBXBuildFile; fileRef = BD8BFA9923FEF4C2008495B4 /* HomeScreenDelegatePropertiesProtocol.swift */; };
		BD91F9B423334CBA00E287E0 /* Result.swift in Sources */ = {isa = PBXBuildFile; fileRef = BD91F9B323334CBA00E287E0 /* Result.swift */; };
		BD91F9B623334D6400E287E0 /* Endpoint.swift in Sources */ = {isa = PBXBuildFile; fileRef = BD91F9B523334D6400E287E0 /* Endpoint.swift */; };
		BD91F9B823334F2F00E287E0 /* MovieSection.swift in Sources */ = {isa = PBXBuildFile; fileRef = BD91F9B723334F2F00E287E0 /* MovieSection.swift */; };
		BD91F9BA2333511400E287E0 /* APIError.swift in Sources */ = {isa = PBXBuildFile; fileRef = BD91F9B92333511400E287E0 /* APIError.swift */; };
		BD91F9BC233352FF00E287E0 /* ApiClient.swift in Sources */ = {isa = PBXBuildFile; fileRef = BD91F9BB233352FF00E287E0 /* ApiClient.swift */; };
		BD91F9BE23335EFE00E287E0 /* MovieClient.swift in Sources */ = {isa = PBXBuildFile; fileRef = BD91F9BD23335EFE00E287E0 /* MovieClient.swift */; };
		BD91F9C02333E72C00E287E0 /* APINetworkManager.swift in Sources */ = {isa = PBXBuildFile; fileRef = BD91F9BF2333E72C00E287E0 /* APINetworkManager.swift */; };
		BD91F9C523341A3D00E287E0 /* ImageEndpoint.swift in Sources */ = {isa = PBXBuildFile; fileRef = BD91F9C423341A3D00E287E0 /* ImageEndpoint.swift */; };
		BD91F9C72334297C00E287E0 /* ImageConfiguration.swift in Sources */ = {isa = PBXBuildFile; fileRef = BD91F9C62334297C00E287E0 /* ImageConfiguration.swift */; };
		BD91F9C923342C1000E287E0 /* ImageAPIClient.swift in Sources */ = {isa = PBXBuildFile; fileRef = BD91F9C823342C1000E287E0 /* ImageAPIClient.swift */; };
		BD91F9CB233434C600E287E0 /* ImageClient.swift in Sources */ = {isa = PBXBuildFile; fileRef = BD91F9CA233434C600E287E0 /* ImageClient.swift */; };
		BD91F9CD2334980500E287E0 /* MovieSectionEnum.swift in Sources */ = {isa = PBXBuildFile; fileRef = BD91F9CC2334980500E287E0 /* MovieSectionEnum.swift */; };
		BD91F9D52337131C00E287E0 /* DetailView.swift in Sources */ = {isa = PBXBuildFile; fileRef = BD91F9D42337131C00E287E0 /* DetailView.swift */; };
		BD91F9D82337287100E287E0 /* MovieDetail.swift in Sources */ = {isa = PBXBuildFile; fileRef = BD91F9D72337287100E287E0 /* MovieDetail.swift */; };
		BD9E4110231B79E800106FB3 /* MovieModelWithDates.swift in Sources */ = {isa = PBXBuildFile; fileRef = BD9E410F231B79E800106FB3 /* MovieModelWithDates.swift */; };
		BD9E4113231B7A8000106FB3 /* NowPlayingCellsCell.swift in Sources */ = {isa = PBXBuildFile; fileRef = BD9E4112231B7A8000106FB3 /* NowPlayingCellsCell.swift */; };
		BD9E4117231B7AF500106FB3 /* PopularMovieCellsCell.swift in Sources */ = {isa = PBXBuildFile; fileRef = BD9E4116231B7AF500106FB3 /* PopularMovieCellsCell.swift */; };
		BD9E411B231B7BC500106FB3 /* TopRatedCellsCell.swift in Sources */ = {isa = PBXBuildFile; fileRef = BD9E411A231B7BC500106FB3 /* TopRatedCellsCell.swift */; };
		BD9E411F231B7C5900106FB3 /* UpcomingCellsCell.swift in Sources */ = {isa = PBXBuildFile; fileRef = BD9E411E231B7C5900106FB3 /* UpcomingCellsCell.swift */; };
		BD9E413423274F7D00106FB3 /* Launch Screen.storyboard in Resources */ = {isa = PBXBuildFile; fileRef = BD9E413323274F7D00106FB3 /* Launch Screen.storyboard */; };
		BDDD9884232C9B1A00A57F49 /* InnerCollectionViewFlowLayout.swift in Sources */ = {isa = PBXBuildFile; fileRef = BDDD9883232C9B1A00A57F49 /* InnerCollectionViewFlowLayout.swift */; };
/* End PBXBuildFile section */

/* Begin PBXFileReference section */
		BD10873622AF3B6600EBA1B9 /* CinemApp.app */ = {isa = PBXFileReference; explicitFileType = wrapper.application; includeInIndex = 0; path = CinemApp.app; sourceTree = BUILT_PRODUCTS_DIR; };
		BD10873922AF3B6600EBA1B9 /* AppDelegate.swift */ = {isa = PBXFileReference; lastKnownFileType = sourcecode.swift; path = AppDelegate.swift; sourceTree = "<group>"; };
		BD10873B22AF3B6600EBA1B9 /* HomeScreenController.swift */ = {isa = PBXFileReference; lastKnownFileType = sourcecode.swift; path = HomeScreenController.swift; sourceTree = "<group>"; };
		BD10874022AF3B6800EBA1B9 /* Assets.xcassets */ = {isa = PBXFileReference; lastKnownFileType = folder.assetcatalog; path = Assets.xcassets; sourceTree = "<group>"; };
		BD10874522AF3B6800EBA1B9 /* Info.plist */ = {isa = PBXFileReference; lastKnownFileType = text.plist.xml; path = Info.plist; sourceTree = "<group>"; };
		BD10874B22AF3CDA00EBA1B9 /* MovieModel.swift */ = {isa = PBXFileReference; lastKnownFileType = sourcecode.swift; path = MovieModel.swift; sourceTree = "<group>"; };
		BD10875322B01A1400EBA1B9 /* CategoryView.swift */ = {isa = PBXFileReference; lastKnownFileType = sourcecode.swift; path = CategoryView.swift; sourceTree = "<group>"; };
		BD10875822B2B9EF00EBA1B9 /* CategoryViewProtocol.swift */ = {isa = PBXFileReference; lastKnownFileType = sourcecode.swift; path = CategoryViewProtocol.swift; sourceTree = "<group>"; };
		BD10875D22B45AF800EBA1B9 /* MovieCollectionViewCell.swift */ = {isa = PBXFileReference; lastKnownFileType = sourcecode.swift; path = MovieCollectionViewCell.swift; sourceTree = "<group>"; };
		BD10875F22B460AB00EBA1B9 /* MainCollectionViewFlowLayout.swift */ = {isa = PBXFileReference; lastKnownFileType = sourcecode.swift; path = MainCollectionViewFlowLayout.swift; sourceTree = "<group>"; };
		BD10876222E45F3000EBA1B9 /* Constants.swift */ = {isa = PBXFileReference; lastKnownFileType = sourcecode.swift; path = Constants.swift; sourceTree = "<group>"; };
		BD10876422E7B84A00EBA1B9 /* MovieImageModel.swift */ = {isa = PBXFileReference; lastKnownFileType = sourcecode.swift; path = MovieImageModel.swift; sourceTree = "<group>"; };
		BD44C8D2233D1929008FD2F8 /* DetailApi.swift */ = {isa = PBXFileReference; lastKnownFileType = sourcecode.swift; path = DetailApi.swift; sourceTree = "<group>"; };
		BD44C8D4233D259B008FD2F8 /* DetailClient.swift */ = {isa = PBXFileReference; lastKnownFileType = sourcecode.swift; path = DetailClient.swift; sourceTree = "<group>"; };
		BD44C8D7233DE1D4008FD2F8 /* MovieCastModel.swift */ = {isa = PBXFileReference; lastKnownFileType = sourcecode.swift; path = MovieCastModel.swift; sourceTree = "<group>"; };
		BD44C8DB233E75EA008FD2F8 /* CastCollectionViewFlowLayout.swift */ = {isa = PBXFileReference; lastKnownFileType = sourcecode.swift; path = CastCollectionViewFlowLayout.swift; sourceTree = "<group>"; };
		BD44C8E0233E7C59008FD2F8 /* CastCollectionViewCell.swift */ = {isa = PBXFileReference; lastKnownFileType = sourcecode.swift; path = CastCollectionViewCell.swift; sourceTree = "<group>"; };
		BD44C8E3233E92DA008FD2F8 /* CastApi.swift */ = {isa = PBXFileReference; lastKnownFileType = sourcecode.swift; path = CastApi.swift; sourceTree = "<group>"; };
		BD44C8E5233E9371008FD2F8 /* CastClient.swift */ = {isa = PBXFileReference; lastKnownFileType = sourcecode.swift; path = CastClient.swift; sourceTree = "<group>"; };
		BD44C8E7233F0125008FD2F8 /* DetailNetworkManager.swift */ = {isa = PBXFileReference; lastKnownFileType = sourcecode.swift; path = DetailNetworkManager.swift; sourceTree = "<group>"; };
		BD79BE8A234460BF00B2857D /* AboutController.swift */ = {isa = PBXFileReference; lastKnownFileType = sourcecode.swift; path = AboutController.swift; sourceTree = "<group>"; };
		BD8BFA8C23FB334B008495B4 /* MainScreenView.swift */ = {isa = PBXFileReference; lastKnownFileType = sourcecode.swift; path = MainScreenView.swift; sourceTree = "<group>"; };
		BD8BFA9223FEEB3B008495B4 /* HomeScreenDelegate.swift */ = {isa = PBXFileReference; lastKnownFileType = sourcecode.swift; path = HomeScreenDelegate.swift; sourceTree = "<group>"; };
		BD8BFA9423FEEBC4008495B4 /* HomeScreenDataSource.swift */ = {isa = PBXFileReference; lastKnownFileType = sourcecode.swift; path = HomeScreenDataSource.swift; sourceTree = "<group>"; };
		BD8BFA9623FEED53008495B4 /* HomeScreenDelegateFlowLayout.swift */ = {isa = PBXFileReference; lastKnownFileType = sourcecode.swift; path = HomeScreenDelegateFlowLayout.swift; sourceTree = "<group>"; };
		BD8BFA9923FEF4C2008495B4 /* HomeScreenDelegatePropertiesProtocol.swift */ = {isa = PBXFileReference; lastKnownFileType = sourcecode.swift; path = HomeScreenDelegatePropertiesProtocol.swift; sourceTree = "<group>"; };
		BD91F9B323334CBA00E287E0 /* Result.swift */ = {isa = PBXFileReference; lastKnownFileType = sourcecode.swift; path = Result.swift; sourceTree = "<group>"; };
		BD91F9B523334D6400E287E0 /* Endpoint.swift */ = {isa = PBXFileReference; lastKnownFileType = sourcecode.swift; path = Endpoint.swift; sourceTree = "<group>"; };
		BD91F9B723334F2F00E287E0 /* MovieSection.swift */ = {isa = PBXFileReference; lastKnownFileType = sourcecode.swift; path = MovieSection.swift; sourceTree = "<group>"; };
		BD91F9B92333511400E287E0 /* APIError.swift */ = {isa = PBXFileReference; lastKnownFileType = sourcecode.swift; path = APIError.swift; sourceTree = "<group>"; };
		BD91F9BB233352FF00E287E0 /* ApiClient.swift */ = {isa = PBXFileReference; lastKnownFileType = sourcecode.swift; path = ApiClient.swift; sourceTree = "<group>"; };
		BD91F9BD23335EFE00E287E0 /* MovieClient.swift */ = {isa = PBXFileReference; lastKnownFileType = sourcecode.swift; path = MovieClient.swift; sourceTree = "<group>"; };
		BD91F9BF2333E72C00E287E0 /* APINetworkManager.swift */ = {isa = PBXFileReference; lastKnownFileType = sourcecode.swift; path = APINetworkManager.swift; sourceTree = "<group>"; };
		BD91F9C423341A3D00E287E0 /* ImageEndpoint.swift */ = {isa = PBXFileReference; lastKnownFileType = sourcecode.swift; path = ImageEndpoint.swift; sourceTree = "<group>"; };
		BD91F9C62334297C00E287E0 /* ImageConfiguration.swift */ = {isa = PBXFileReference; lastKnownFileType = sourcecode.swift; path = ImageConfiguration.swift; sourceTree = "<group>"; };
		BD91F9C823342C1000E287E0 /* ImageAPIClient.swift */ = {isa = PBXFileReference; lastKnownFileType = sourcecode.swift; path = ImageAPIClient.swift; sourceTree = "<group>"; };
		BD91F9CA233434C600E287E0 /* ImageClient.swift */ = {isa = PBXFileReference; lastKnownFileType = sourcecode.swift; path = ImageClient.swift; sourceTree = "<group>"; };
		BD91F9CC2334980500E287E0 /* MovieSectionEnum.swift */ = {isa = PBXFileReference; lastKnownFileType = sourcecode.swift; path = MovieSectionEnum.swift; sourceTree = "<group>"; };
		BD91F9D42337131C00E287E0 /* DetailView.swift */ = {isa = PBXFileReference; lastKnownFileType = sourcecode.swift; path = DetailView.swift; sourceTree = "<group>"; };
		BD91F9D72337287100E287E0 /* MovieDetail.swift */ = {isa = PBXFileReference; lastKnownFileType = sourcecode.swift; path = MovieDetail.swift; sourceTree = "<group>"; };
		BD9E410F231B79E800106FB3 /* MovieModelWithDates.swift */ = {isa = PBXFileReference; lastKnownFileType = sourcecode.swift; path = MovieModelWithDates.swift; sourceTree = "<group>"; };
		BD9E4112231B7A8000106FB3 /* NowPlayingCellsCell.swift */ = {isa = PBXFileReference; lastKnownFileType = sourcecode.swift; path = NowPlayingCellsCell.swift; sourceTree = "<group>"; };
		BD9E4116231B7AF500106FB3 /* PopularMovieCellsCell.swift */ = {isa = PBXFileReference; lastKnownFileType = sourcecode.swift; path = PopularMovieCellsCell.swift; sourceTree = "<group>"; };
		BD9E411A231B7BC500106FB3 /* TopRatedCellsCell.swift */ = {isa = PBXFileReference; lastKnownFileType = sourcecode.swift; path = TopRatedCellsCell.swift; sourceTree = "<group>"; };
		BD9E411E231B7C5900106FB3 /* UpcomingCellsCell.swift */ = {isa = PBXFileReference; lastKnownFileType = sourcecode.swift; path = UpcomingCellsCell.swift; sourceTree = "<group>"; };
		BD9E413323274F7D00106FB3 /* Launch Screen.storyboard */ = {isa = PBXFileReference; lastKnownFileType = file.storyboard; path = "Launch Screen.storyboard"; sourceTree = "<group>"; };
		BDDD9883232C9B1A00A57F49 /* InnerCollectionViewFlowLayout.swift */ = {isa = PBXFileReference; lastKnownFileType = sourcecode.swift; path = InnerCollectionViewFlowLayout.swift; sourceTree = "<group>"; };
/* End PBXFileReference section */

/* Begin PBXFrameworksBuildPhase section */
		BD10873322AF3B6600EBA1B9 /* Frameworks */ = {
			isa = PBXFrameworksBuildPhase;
			buildActionMask = 2147483647;
			files = (
			);
			runOnlyForDeploymentPostprocessing = 0;
		};
/* End PBXFrameworksBuildPhase section */

/* Begin PBXGroup section */
		BD10872D22AF3B6600EBA1B9 = {
			isa = PBXGroup;
			children = (
				BD10873822AF3B6600EBA1B9 /* CinemApp */,
				BD10873722AF3B6600EBA1B9 /* Products */,
			);
			sourceTree = "<group>";
		};
		BD10873722AF3B6600EBA1B9 /* Products */ = {
			isa = PBXGroup;
			children = (
				BD10873622AF3B6600EBA1B9 /* CinemApp.app */,
			);
			name = Products;
			sourceTree = "<group>";
		};
		BD10873822AF3B6600EBA1B9 /* CinemApp */ = {
			isa = PBXGroup;
			children = (
				BD10873922AF3B6600EBA1B9 /* AppDelegate.swift */,
				BD91F9D123370A6600E287E0 /* Movies */,
				BD10874022AF3B6800EBA1B9 /* Assets.xcassets */,
				BD9E413323274F7D00106FB3 /* Launch Screen.storyboard */,
				BD10874522AF3B6800EBA1B9 /* Info.plist */,
			);
			path = CinemApp;
			sourceTree = "<group>";
		};
		BD10874D22AF3FC400EBA1B9 /* Models */ = {
			isa = PBXGroup;
			children = (
				BD8BFA9023FB9D7A008495B4 /* Category */,
				BD8BFA8F23FB9D6F008495B4 /* Main */,
				BD91F9CF2334A07900E287E0 /* JSON Models */,
				BD44C8E2233E900B008FD2F8 /* Cast Model */,
				BD91F9D923372E1800E287E0 /* Detail Model */,
				BD91F9CE23349FFF00E287E0 /* Movie Model */,
				BD91F9C1233418F400E287E0 /* Image Model */,
			);
			path = Models;
			sourceTree = "<group>";
		};
		BD10875022AF409C00EBA1B9 /* Network Manager's */ = {
			isa = PBXGroup;
			children = (
				BD91F9BF2333E72C00E287E0 /* APINetworkManager.swift */,
				BD44C8E7233F0125008FD2F8 /* DetailNetworkManager.swift */,
			);
			path = "Network Manager's";
			sourceTree = "<group>";
		};
		BD10875C22B33A0900EBA1B9 /* Main */ = {
			isa = PBXGroup;
			children = (
				BD10873B22AF3B6600EBA1B9 /* HomeScreenController.swift */,
				BD8BFA9123FEEB04008495B4 /* CollectionViewProtocols */,
			);
			path = Main;
			sourceTree = "<group>";
		};
		BD10876122E45EF900EBA1B9 /* Private */ = {
			isa = PBXGroup;
			children = (
				BD10876222E45F3000EBA1B9 /* Constants.swift */,
			);
			path = Private;
			sourceTree = "<group>";
		};
		BD44C8DF233E7C19008FD2F8 /* Cast Cell */ = {
			isa = PBXGroup;
			children = (
				BD44C8E0233E7C59008FD2F8 /* CastCollectionViewCell.swift */,
			);
			path = "Cast Cell";
			sourceTree = "<group>";
		};
		BD44C8E2233E900B008FD2F8 /* Cast Model */ = {
			isa = PBXGroup;
			children = (
				BD44C8E3233E92DA008FD2F8 /* CastApi.swift */,
				BD44C8E5233E9371008FD2F8 /* CastClient.swift */,
			);
			path = "Cast Model";
			sourceTree = "<group>";
		};
		BD79BE892344607500B2857D /* About */ = {
			isa = PBXGroup;
			children = (
				BD79BE8A234460BF00B2857D /* AboutController.swift */,
			);
			path = About;
			sourceTree = "<group>";
		};
		BD8BFA8923FB2667008495B4 /* Views */ = {
			isa = PBXGroup;
			children = (
				BD8BFA8E23FB94AA008495B4 /* Slide Menu */,
				BD8BFA8B23FB32C3008495B4 /* Main */,
				BD79BE892344607500B2857D /* About */,
				BD91F9D32337128700E287E0 /* Movie Detail */,
				BD9E4111231B7A6700106FB3 /* Inner Cells */,
			);
			path = Views;
			sourceTree = "<group>";
		};
		BD8BFA8A23FB2723008495B4 /* Controllers */ = {
			isa = PBXGroup;
			children = (
				BD10875C22B33A0900EBA1B9 /* Main */,
			);
			path = Controllers;
			sourceTree = "<group>";
		};
		BD8BFA8B23FB32C3008495B4 /* Main */ = {
			isa = PBXGroup;
			children = (
				BD8BFA8C23FB334B008495B4 /* MainScreenView.swift */,
			);
			path = Main;
			sourceTree = "<group>";
		};
		BD8BFA8E23FB94AA008495B4 /* Slide Menu */ = {
			isa = PBXGroup;
			children = (
				BD10875322B01A1400EBA1B9 /* CategoryView.swift */,
			);
			path = "Slide Menu";
			sourceTree = "<group>";
		};
		BD8BFA8F23FB9D6F008495B4 /* Main */ = {
			isa = PBXGroup;
			children = (
				BD91F9CC2334980500E287E0 /* MovieSectionEnum.swift */,
				BD10875D22B45AF800EBA1B9 /* MovieCollectionViewCell.swift */,
				BD8BFA9823FEF48C008495B4 /* Protocols */,
			);
			path = Main;
			sourceTree = "<group>";
		};
		BD8BFA9023FB9D7A008495B4 /* Category */ = {
			isa = PBXGroup;
			children = (
				BD10875822B2B9EF00EBA1B9 /* CategoryViewProtocol.swift */,
			);
			path = Category;
			sourceTree = "<group>";
		};
		BD8BFA9123FEEB04008495B4 /* CollectionViewProtocols */ = {
			isa = PBXGroup;
			children = (
				BD8BFA9223FEEB3B008495B4 /* HomeScreenDelegate.swift */,
				BD8BFA9423FEEBC4008495B4 /* HomeScreenDataSource.swift */,
				BD8BFA9623FEED53008495B4 /* HomeScreenDelegateFlowLayout.swift */,
			);
			path = CollectionViewProtocols;
			sourceTree = "<group>";
		};
		BD8BFA9823FEF48C008495B4 /* Protocols */ = {
			isa = PBXGroup;
			children = (
				BD8BFA9923FEF4C2008495B4 /* HomeScreenDelegatePropertiesProtocol.swift */,
			);
			path = Protocols;
			sourceTree = "<group>";
		};
		BD91F9C1233418F400E287E0 /* Image Model */ = {
			isa = PBXGroup;
			children = (
				BD91F9C423341A3D00E287E0 /* ImageEndpoint.swift */,
				BD91F9C62334297C00E287E0 /* ImageConfiguration.swift */,
				BD91F9C823342C1000E287E0 /* ImageAPIClient.swift */,
				BD91F9CA233434C600E287E0 /* ImageClient.swift */,
			);
			path = "Image Model";
			sourceTree = "<group>";
		};
		BD91F9CE23349FFF00E287E0 /* Movie Model */ = {
			isa = PBXGroup;
			children = (
				BD91F9B323334CBA00E287E0 /* Result.swift */,
				BD91F9B523334D6400E287E0 /* Endpoint.swift */,
				BD91F9B723334F2F00E287E0 /* MovieSection.swift */,
				BD91F9B92333511400E287E0 /* APIError.swift */,
				BD91F9BB233352FF00E287E0 /* ApiClient.swift */,
				BD91F9BD23335EFE00E287E0 /* MovieClient.swift */,
			);
			path = "Movie Model";
			sourceTree = "<group>";
		};
		BD91F9CF2334A07900E287E0 /* JSON Models */ = {
			isa = PBXGroup;
			children = (
				BD10874B22AF3CDA00EBA1B9 /* MovieModel.swift */,
				BD9E410F231B79E800106FB3 /* MovieModelWithDates.swift */,
				BD10876422E7B84A00EBA1B9 /* MovieImageModel.swift */,
				BD91F9D72337287100E287E0 /* MovieDetail.swift */,
				BD44C8D7233DE1D4008FD2F8 /* MovieCastModel.swift */,
			);
			path = "JSON Models";
			sourceTree = "<group>";
		};
		BD91F9D02334A0B800E287E0 /* Flow Layouts */ = {
			isa = PBXGroup;
			children = (
				BD10875F22B460AB00EBA1B9 /* MainCollectionViewFlowLayout.swift */,
				BDDD9883232C9B1A00A57F49 /* InnerCollectionViewFlowLayout.swift */,
				BD44C8DB233E75EA008FD2F8 /* CastCollectionViewFlowLayout.swift */,
			);
			path = "Flow Layouts";
			sourceTree = "<group>";
		};
		BD91F9D123370A6600E287E0 /* Movies */ = {
			isa = PBXGroup;
			children = (
				BD10876122E45EF900EBA1B9 /* Private */,
				BD10874D22AF3FC400EBA1B9 /* Models */,
				BD8BFA8923FB2667008495B4 /* Views */,
				BD8BFA8A23FB2723008495B4 /* Controllers */,
				BD10875022AF409C00EBA1B9 /* Network Manager's */,
				BD91F9D02334A0B800E287E0 /* Flow Layouts */,
			);
			path = Movies;
			sourceTree = "<group>";
		};
		BD91F9D32337128700E287E0 /* Movie Detail */ = {
			isa = PBXGroup;
			children = (
				BD91F9D62337283400E287E0 /* Detail View */,
				BD44C8DF233E7C19008FD2F8 /* Cast Cell */,
			);
			path = "Movie Detail";
			sourceTree = "<group>";
		};
		BD91F9D62337283400E287E0 /* Detail View */ = {
			isa = PBXGroup;
			children = (
				BD91F9D42337131C00E287E0 /* DetailView.swift */,
			);
			path = "Detail View";
			sourceTree = "<group>";
		};
		BD91F9D923372E1800E287E0 /* Detail Model */ = {
			isa = PBXGroup;
			children = (
				BD44C8D2233D1929008FD2F8 /* DetailApi.swift */,
				BD44C8D4233D259B008FD2F8 /* DetailClient.swift */,
			);
			path = "Detail Model";
			sourceTree = "<group>";
		};
		BD9E4111231B7A6700106FB3 /* Inner Cells */ = {
			isa = PBXGroup;
			children = (
				BD9E4116231B7AF500106FB3 /* PopularMovieCellsCell.swift */,
				BD9E4112231B7A8000106FB3 /* NowPlayingCellsCell.swift */,
				BD9E411E231B7C5900106FB3 /* UpcomingCellsCell.swift */,
				BD9E411A231B7BC500106FB3 /* TopRatedCellsCell.swift */,
			);
			path = "Inner Cells";
			sourceTree = "<group>";
		};
/* End PBXGroup section */

/* Begin PBXNativeTarget section */
		BD10873522AF3B6600EBA1B9 /* CinemApp */ = {
			isa = PBXNativeTarget;
			buildConfigurationList = BD10874822AF3B6800EBA1B9 /* Build configuration list for PBXNativeTarget "CinemApp" */;
			buildPhases = (
				BD10873222AF3B6600EBA1B9 /* Sources */,
				BD10873322AF3B6600EBA1B9 /* Frameworks */,
				BD10873422AF3B6600EBA1B9 /* Resources */,
			);
			buildRules = (
			);
			dependencies = (
			);
			name = CinemApp;
			productName = CinemApp;
			productReference = BD10873622AF3B6600EBA1B9 /* CinemApp.app */;
			productType = "com.apple.product-type.application";
		};
/* End PBXNativeTarget section */

/* Begin PBXProject section */
		BD10872E22AF3B6600EBA1B9 /* Project object */ = {
			isa = PBXProject;
			attributes = {
				LastSwiftUpdateCheck = 1010;
				LastUpgradeCheck = 1010;
				ORGANIZATIONNAME = "Josiah Agosto";
				TargetAttributes = {
					BD10873522AF3B6600EBA1B9 = {
						CreatedOnToolsVersion = 10.1;
						LastSwiftMigration = 1100;
					};
				};
			};
			buildConfigurationList = BD10873122AF3B6600EBA1B9 /* Build configuration list for PBXProject "CinemApp" */;
			compatibilityVersion = "Xcode 9.3";
			developmentRegion = en;
			hasScannedForEncodings = 0;
			knownRegions = (
				en,
				Base,
			);
			mainGroup = BD10872D22AF3B6600EBA1B9;
			productRefGroup = BD10873722AF3B6600EBA1B9 /* Products */;
			projectDirPath = "";
			projectRoot = "";
			targets = (
				BD10873522AF3B6600EBA1B9 /* CinemApp */,
			);
		};
/* End PBXProject section */

/* Begin PBXResourcesBuildPhase section */
		BD10873422AF3B6600EBA1B9 /* Resources */ = {
			isa = PBXResourcesBuildPhase;
			buildActionMask = 2147483647;
			files = (
				BD9E413423274F7D00106FB3 /* Launch Screen.storyboard in Resources */,
				BD10874122AF3B6800EBA1B9 /* Assets.xcassets in Resources */,
			);
			runOnlyForDeploymentPostprocessing = 0;
		};
/* End PBXResourcesBuildPhase section */

/* Begin PBXSourcesBuildPhase section */
		BD10873222AF3B6600EBA1B9 /* Sources */ = {
			isa = PBXSourcesBuildPhase;
			buildActionMask = 2147483647;
			files = (
				BD10876522E7B84A00EBA1B9 /* MovieImageModel.swift in Sources */,
				BD44C8E6233E9371008FD2F8 /* CastClient.swift in Sources */,
				BD91F9BE23335EFE00E287E0 /* MovieClient.swift in Sources */,
				BD91F9B623334D6400E287E0 /* Endpoint.swift in Sources */,
				BD8BFA9523FEEBC4008495B4 /* HomeScreenDataSource.swift in Sources */,
				BD44C8E8233F0125008FD2F8 /* DetailNetworkManager.swift in Sources */,
				BD9E4110231B79E800106FB3 /* MovieModelWithDates.swift in Sources */,
				BD10873C22AF3B6600EBA1B9 /* HomeScreenController.swift in Sources */,
				BD91F9C02333E72C00E287E0 /* APINetworkManager.swift in Sources */,
				BD91F9CD2334980500E287E0 /* MovieSectionEnum.swift in Sources */,
				BD10873A22AF3B6600EBA1B9 /* AppDelegate.swift in Sources */,
				BD10876322E45F3000EBA1B9 /* Constants.swift in Sources */,
				BD91F9CB233434C600E287E0 /* ImageClient.swift in Sources */,
				BD91F9BA2333511400E287E0 /* APIError.swift in Sources */,
				BD91F9C72334297C00E287E0 /* ImageConfiguration.swift in Sources */,
				BD79BE8B234460BF00B2857D /* AboutController.swift in Sources */,
				BD44C8D5233D259B008FD2F8 /* DetailClient.swift in Sources */,
				BD44C8D8233DE1D4008FD2F8 /* MovieCastModel.swift in Sources */,
				BD44C8E4233E92DA008FD2F8 /* CastApi.swift in Sources */,
				BD91F9B823334F2F00E287E0 /* MovieSection.swift in Sources */,
				BD91F9D52337131C00E287E0 /* DetailView.swift in Sources */,
				BD91F9C523341A3D00E287E0 /* ImageEndpoint.swift in Sources */,
				BD9E4117231B7AF500106FB3 /* PopularMovieCellsCell.swift in Sources */,
				BD91F9BC233352FF00E287E0 /* ApiClient.swift in Sources */,
				BD10874C22AF3CDA00EBA1B9 /* MovieModel.swift in Sources */,
				BD91F9B423334CBA00E287E0 /* Result.swift in Sources */,
				BD10875E22B45AF800EBA1B9 /* MovieCollectionViewCell.swift in Sources */,
				BD10875422B01A1400EBA1B9 /* CategoryView.swift in Sources */,
				BD44C8D3233D1929008FD2F8 /* DetailApi.swift in Sources */,
				BD9E411B231B7BC500106FB3 /* TopRatedCellsCell.swift in Sources */,
				BD10876022B460AB00EBA1B9 /* MainCollectionViewFlowLayout.swift in Sources */,
				BD8BFA8D23FB334B008495B4 /* MainScreenView.swift in Sources */,
				BD8BFA9323FEEB3C008495B4 /* HomeScreenDelegate.swift in Sources */,
				BD8BFA9A23FEF4C2008495B4 /* HomeScreenDelegatePropertiesProtocol.swift in Sources */,
				BD10875922B2B9EF00EBA1B9 /* CategoryViewProtocol.swift in Sources */,
				BD9E4113231B7A8000106FB3 /* NowPlayingCellsCell.swift in Sources */,
				BD9E411F231B7C5900106FB3 /* UpcomingCellsCell.swift in Sources */,
				BDDD9884232C9B1A00A57F49 /* InnerCollectionViewFlowLayout.swift in Sources */,
				BD44C8DC233E75EA008FD2F8 /* CastCollectionViewFlowLayout.swift in Sources */,
				BD44C8E1233E7C59008FD2F8 /* CastCollectionViewCell.swift in Sources */,
				BD8BFA9723FEED53008495B4 /* HomeScreenDelegateFlowLayout.swift in Sources */,
				BD91F9C923342C1000E287E0 /* ImageAPIClient.swift in Sources */,
				BD91F9D82337287100E287E0 /* MovieDetail.swift in Sources */,
			);
			runOnlyForDeploymentPostprocessing = 0;
		};
/* End PBXSourcesBuildPhase section */

/* Begin XCBuildConfiguration section */
		BD10874622AF3B6800EBA1B9 /* Debug */ = {
			isa = XCBuildConfiguration;
			buildSettings = {
				ALWAYS_SEARCH_USER_PATHS = NO;
				CLANG_ANALYZER_NONNULL = YES;
				CLANG_ANALYZER_NUMBER_OBJECT_CONVERSION = YES_AGGRESSIVE;
				CLANG_CXX_LANGUAGE_STANDARD = "gnu++14";
				CLANG_CXX_LIBRARY = "libc++";
				CLANG_ENABLE_MODULES = YES;
				CLANG_ENABLE_OBJC_ARC = YES;
				CLANG_ENABLE_OBJC_WEAK = YES;
				CLANG_WARN_BLOCK_CAPTURE_AUTORELEASING = YES;
				CLANG_WARN_BOOL_CONVERSION = YES;
				CLANG_WARN_COMMA = YES;
				CLANG_WARN_CONSTANT_CONVERSION = YES;
				CLANG_WARN_DEPRECATED_OBJC_IMPLEMENTATIONS = YES;
				CLANG_WARN_DIRECT_OBJC_ISA_USAGE = YES_ERROR;
				CLANG_WARN_DOCUMENTATION_COMMENTS = YES;
				CLANG_WARN_EMPTY_BODY = YES;
				CLANG_WARN_ENUM_CONVERSION = YES;
				CLANG_WARN_INFINITE_RECURSION = YES;
				CLANG_WARN_INT_CONVERSION = YES;
				CLANG_WARN_NON_LITERAL_NULL_CONVERSION = YES;
				CLANG_WARN_OBJC_IMPLICIT_RETAIN_SELF = YES;
				CLANG_WARN_OBJC_LITERAL_CONVERSION = YES;
				CLANG_WARN_OBJC_ROOT_CLASS = YES_ERROR;
				CLANG_WARN_RANGE_LOOP_ANALYSIS = YES;
				CLANG_WARN_STRICT_PROTOTYPES = YES;
				CLANG_WARN_SUSPICIOUS_MOVE = YES;
				CLANG_WARN_UNGUARDED_AVAILABILITY = YES_AGGRESSIVE;
				CLANG_WARN_UNREACHABLE_CODE = YES;
				CLANG_WARN__DUPLICATE_METHOD_MATCH = YES;
				CODE_SIGN_IDENTITY = "iPhone Developer";
				COPY_PHASE_STRIP = NO;
				DEBUG_INFORMATION_FORMAT = dwarf;
				ENABLE_STRICT_OBJC_MSGSEND = YES;
				ENABLE_TESTABILITY = YES;
				GCC_C_LANGUAGE_STANDARD = gnu11;
				GCC_DYNAMIC_NO_PIC = NO;
				GCC_NO_COMMON_BLOCKS = YES;
				GCC_OPTIMIZATION_LEVEL = 0;
				GCC_PREPROCESSOR_DEFINITIONS = (
					"DEBUG=1",
					"$(inherited)",
				);
				GCC_WARN_64_TO_32_BIT_CONVERSION = YES;
				GCC_WARN_ABOUT_RETURN_TYPE = YES_ERROR;
				GCC_WARN_UNDECLARED_SELECTOR = YES;
				GCC_WARN_UNINITIALIZED_AUTOS = YES_AGGRESSIVE;
				GCC_WARN_UNUSED_FUNCTION = YES;
				GCC_WARN_UNUSED_VARIABLE = YES;
				IPHONEOS_DEPLOYMENT_TARGET = 12.1;
				MTL_ENABLE_DEBUG_INFO = INCLUDE_SOURCE;
				MTL_FAST_MATH = YES;
				ONLY_ACTIVE_ARCH = YES;
				SDKROOT = iphoneos;
				SWIFT_ACTIVE_COMPILATION_CONDITIONS = DEBUG;
				SWIFT_OPTIMIZATION_LEVEL = "-Onone";
			};
			name = Debug;
		};
		BD10874722AF3B6800EBA1B9 /* Release */ = {
			isa = XCBuildConfiguration;
			buildSettings = {
				ALWAYS_SEARCH_USER_PATHS = NO;
				CLANG_ANALYZER_NONNULL = YES;
				CLANG_ANALYZER_NUMBER_OBJECT_CONVERSION = YES_AGGRESSIVE;
				CLANG_CXX_LANGUAGE_STANDARD = "gnu++14";
				CLANG_CXX_LIBRARY = "libc++";
				CLANG_ENABLE_MODULES = YES;
				CLANG_ENABLE_OBJC_ARC = YES;
				CLANG_ENABLE_OBJC_WEAK = YES;
				CLANG_WARN_BLOCK_CAPTURE_AUTORELEASING = YES;
				CLANG_WARN_BOOL_CONVERSION = YES;
				CLANG_WARN_COMMA = YES;
				CLANG_WARN_CONSTANT_CONVERSION = YES;
				CLANG_WARN_DEPRECATED_OBJC_IMPLEMENTATIONS = YES;
				CLANG_WARN_DIRECT_OBJC_ISA_USAGE = YES_ERROR;
				CLANG_WARN_DOCUMENTATION_COMMENTS = YES;
				CLANG_WARN_EMPTY_BODY = YES;
				CLANG_WARN_ENUM_CONVERSION = YES;
				CLANG_WARN_INFINITE_RECURSION = YES;
				CLANG_WARN_INT_CONVERSION = YES;
				CLANG_WARN_NON_LITERAL_NULL_CONVERSION = YES;
				CLANG_WARN_OBJC_IMPLICIT_RETAIN_SELF = YES;
				CLANG_WARN_OBJC_LITERAL_CONVERSION = YES;
				CLANG_WARN_OBJC_ROOT_CLASS = YES_ERROR;
				CLANG_WARN_RANGE_LOOP_ANALYSIS = YES;
				CLANG_WARN_STRICT_PROTOTYPES = YES;
				CLANG_WARN_SUSPICIOUS_MOVE = YES;
				CLANG_WARN_UNGUARDED_AVAILABILITY = YES_AGGRESSIVE;
				CLANG_WARN_UNREACHABLE_CODE = YES;
				CLANG_WARN__DUPLICATE_METHOD_MATCH = YES;
				CODE_SIGN_IDENTITY = "iPhone Developer";
				COPY_PHASE_STRIP = NO;
				DEBUG_INFORMATION_FORMAT = "dwarf-with-dsym";
				ENABLE_NS_ASSERTIONS = NO;
				ENABLE_STRICT_OBJC_MSGSEND = YES;
				GCC_C_LANGUAGE_STANDARD = gnu11;
				GCC_NO_COMMON_BLOCKS = YES;
				GCC_WARN_64_TO_32_BIT_CONVERSION = YES;
				GCC_WARN_ABOUT_RETURN_TYPE = YES_ERROR;
				GCC_WARN_UNDECLARED_SELECTOR = YES;
				GCC_WARN_UNINITIALIZED_AUTOS = YES_AGGRESSIVE;
				GCC_WARN_UNUSED_FUNCTION = YES;
				GCC_WARN_UNUSED_VARIABLE = YES;
				IPHONEOS_DEPLOYMENT_TARGET = 12.1;
				MTL_ENABLE_DEBUG_INFO = NO;
				MTL_FAST_MATH = YES;
				SDKROOT = iphoneos;
				SWIFT_COMPILATION_MODE = wholemodule;
				SWIFT_OPTIMIZATION_LEVEL = "-O";
				VALIDATE_PRODUCT = YES;
			};
			name = Release;
		};
		BD10874922AF3B6800EBA1B9 /* Debug */ = {
			isa = XCBuildConfiguration;
			buildSettings = {
				ASSETCATALOG_COMPILER_APPICON_NAME = AppIcon;
				CODE_SIGN_IDENTITY = "iPhone Developer";
				CODE_SIGN_STYLE = Automatic;
				DEVELOPMENT_TEAM = 55T4UN5QF4;
				INFOPLIST_FILE = CinemApp/Info.plist;
				LD_RUNPATH_SEARCH_PATHS = (
					"$(inherited)",
					"@executable_path/Frameworks",
				);
				PRODUCT_BUNDLE_IDENTIFIER = "Josiah-Agosto.CinemApp";
				PRODUCT_NAME = "$(TARGET_NAME)";
				PROVISIONING_PROFILE_SPECIFIER = "";
				SWIFT_VERSION = 5.0;
				TARGETED_DEVICE_FAMILY = 1;
			};
			name = Debug;
		};
		BD10874A22AF3B6800EBA1B9 /* Release */ = {
			isa = XCBuildConfiguration;
			buildSettings = {
				ASSETCATALOG_COMPILER_APPICON_NAME = AppIcon;
				CODE_SIGN_IDENTITY = "iPhone Developer";
				CODE_SIGN_STYLE = Automatic;
				DEVELOPMENT_TEAM = 55T4UN5QF4;
				INFOPLIST_FILE = CinemApp/Info.plist;
				LD_RUNPATH_SEARCH_PATHS = (
					"$(inherited)",
					"@executable_path/Frameworks",
				);
				PRODUCT_BUNDLE_IDENTIFIER = "Josiah-Agosto.CinemApp";
				PRODUCT_NAME = "$(TARGET_NAME)";
				PROVISIONING_PROFILE_SPECIFIER = "";
				SWIFT_VERSION = 5.0;
				TARGETED_DEVICE_FAMILY = 1;
			};
			name = Release;
		};
/* End XCBuildConfiguration section */

/* Begin XCConfigurationList section */
		BD10873122AF3B6600EBA1B9 /* Build configuration list for PBXProject "CinemApp" */ = {
			isa = XCConfigurationList;
			buildConfigurations = (
				BD10874622AF3B6800EBA1B9 /* Debug */,
				BD10874722AF3B6800EBA1B9 /* Release */,
			);
			defaultConfigurationIsVisible = 0;
			defaultConfigurationName = Release;
		};
		BD10874822AF3B6800EBA1B9 /* Build configuration list for PBXNativeTarget "CinemApp" */ = {
			isa = XCConfigurationList;
			buildConfigurations = (
				BD10874922AF3B6800EBA1B9 /* Debug */,
				BD10874A22AF3B6800EBA1B9 /* Release */,
			);
			defaultConfigurationIsVisible = 0;
			defaultConfigurationName = Release;
		};
/* End XCConfigurationList section */
	};
	rootObject = BD10872E22AF3B6600EBA1B9 /* Project object */;
}
